<?xml version="1.0" encoding="UTF-8"?>
<!DOCTYPE plist PUBLIC "-//Apple//DTD PLIST 1.0//EN" "http://www.apple.com/DTDs/PropertyList-1.0.dtd">
<plist version="1.0">
<dict>
	<key>archiveVersion</key>
	<string>1</string>
	<key>classes</key>
	<dict/>
	<key>objectVersion</key>
	<string>46</string>
	<key>objects</key>
	<dict>
		<key>18EBBB51653ECF344DD3C4A1</key>
		<dict>
			<key>buildActionMask</key>
			<string>2147483647</string>
			<key>files</key>
			<array/>
			<key>inputPaths</key>
			<array/>
			<key>isa</key>
			<string>PBXShellScriptBuildPhase</string>
			<key>name</key>
			<string>[CP] Check Pods Manifest.lock</string>
			<key>outputPaths</key>
			<array/>
			<key>runOnlyForDeploymentPostprocessing</key>
			<string>0</string>
			<key>shellPath</key>
			<string>/bin/sh</string>
			<key>shellScript</key>
			<string>diff "${PODS_ROOT}/../Podfile.lock" "${PODS_ROOT}/Manifest.lock" &gt; /dev/null
if [ $? != 0 ] ; then
    # print error to STDERR
    echo "error: The sandbox is not in sync with the Podfile.lock. Run 'pod install' or update your CocoaPods installation." &gt;&amp;2
    exit 1
fi
</string>
			<key>showEnvVarsInLog</key>
			<string>0</string>
		</dict>
		<key>1F336EEDBD007E922FAB8799</key>
		<dict>
			<key>children</key>
			<array>
				<string>FF02B227F4CFDFA8F83673D7</string>
			</array>
			<key>isa</key>
			<string>PBXGroup</string>
			<key>name</key>
			<string>Frameworks</string>
			<key>sourceTree</key>
			<string>&lt;group&gt;</string>
		</dict>
		<key>9635A3A11EC04EE9005D7405</key>
		<dict>
			<key>fileEncoding</key>
			<string>4</string>
			<key>isa</key>
			<string>PBXFileReference</string>
			<key>lastKnownFileType</key>
			<string>sourcecode.c.h</string>
			<key>path</key>
			<string>NetWorkManager.h</string>
			<key>sourceTree</key>
			<string>&lt;group&gt;</string>
		</dict>
		<key>9635A3A21EC04EE9005D7405</key>
		<dict>
			<key>fileEncoding</key>
			<string>4</string>
			<key>isa</key>
			<string>PBXFileReference</string>
			<key>lastKnownFileType</key>
			<string>sourcecode.c.objc</string>
			<key>path</key>
			<string>NetWorkManager.m</string>
			<key>sourceTree</key>
			<string>&lt;group&gt;</string>
		</dict>
		<key>9635A3A31EC04EE9005D7405</key>
		<dict>
			<key>fileRef</key>
			<string>9635A3A21EC04EE9005D7405</string>
			<key>isa</key>
			<string>PBXBuildFile</string>
		</dict>
		<key>9635A3A41EC05C97005D7405</key>
		<dict>
			<key>fileEncoding</key>
			<string>4</string>
			<key>isa</key>
			<string>PBXFileReference</string>
			<key>lastKnownFileType</key>
			<string>sourcecode.c.h</string>
			<key>path</key>
			<string>UIImage+Category.h</string>
			<key>sourceTree</key>
			<string>&lt;group&gt;</string>
		</dict>
		<key>9635A3A51EC05C97005D7405</key>
		<dict>
			<key>fileEncoding</key>
			<string>4</string>
			<key>isa</key>
			<string>PBXFileReference</string>
			<key>lastKnownFileType</key>
			<string>sourcecode.c.objc</string>
			<key>path</key>
			<string>UIImage+Category.m</string>
			<key>sourceTree</key>
			<string>&lt;group&gt;</string>
		</dict>
		<key>9635A3A61EC05C97005D7405</key>
		<dict>
			<key>fileRef</key>
			<string>9635A3A51EC05C97005D7405</string>
			<key>isa</key>
			<string>PBXBuildFile</string>
		</dict>
		<key>963BAFCF1EBB14C900F74944</key>
		<dict>
			<key>children</key>
			<array>
				<string>963BAFDA1EBB14C900F74944</string>
				<string>963BAFF41EBB14C900F74944</string>
				<string>963BAFFF1EBB14C900F74944</string>
				<string>963BAFD91EBB14C900F74944</string>
				<string>D8DAD05BB2840D8388E1742D</string>
				<string>1F336EEDBD007E922FAB8799</string>
			</array>
			<key>isa</key>
			<string>PBXGroup</string>
			<key>sourceTree</key>
			<string>&lt;group&gt;</string>
		</dict>
		<key>963BAFD01EBB14C900F74944</key>
		<dict>
			<key>attributes</key>
			<dict>
				<key>LastUpgradeCheck</key>
				<string>0830</string>
				<key>ORGANIZATIONNAME</key>
				<string>zhuzh</string>
				<key>TargetAttributes</key>
				<dict>
					<key>963BAFD71EBB14C900F74944</key>
					<dict>
						<key>CreatedOnToolsVersion</key>
						<string>8.3.2</string>
						<key>DevelopmentTeam</key>
						<string>HS58FBSKGP</string>
						<key>ProvisioningStyle</key>
						<string>Automatic</string>
					</dict>
					<key>963BAFF01EBB14C900F74944</key>
					<dict>
						<key>CreatedOnToolsVersion</key>
						<string>8.3.2</string>
						<key>DevelopmentTeam</key>
						<string>XE7QVWA3R9</string>
						<key>ProvisioningStyle</key>
						<string>Automatic</string>
						<key>TestTargetID</key>
						<string>963BAFD71EBB14C900F74944</string>
					</dict>
					<key>963BAFFB1EBB14C900F74944</key>
					<dict>
						<key>CreatedOnToolsVersion</key>
						<string>8.3.2</string>
						<key>DevelopmentTeam</key>
						<string>XE7QVWA3R9</string>
						<key>ProvisioningStyle</key>
						<string>Automatic</string>
						<key>TestTargetID</key>
						<string>963BAFD71EBB14C900F74944</string>
					</dict>
				</dict>
			</dict>
			<key>buildConfigurationList</key>
			<string>963BAFD31EBB14C900F74944</string>
			<key>compatibilityVersion</key>
			<string>Xcode 3.2</string>
			<key>developmentRegion</key>
			<string>English</string>
			<key>hasScannedForEncodings</key>
			<string>0</string>
			<key>isa</key>
			<string>PBXProject</string>
			<key>knownRegions</key>
			<array>
				<string>en</string>
				<string>Base</string>
			</array>
			<key>mainGroup</key>
			<string>963BAFCF1EBB14C900F74944</string>
			<key>productRefGroup</key>
			<string>963BAFD91EBB14C900F74944</string>
			<key>projectDirPath</key>
			<string></string>
			<key>projectReferences</key>
			<array/>
			<key>projectRoot</key>
			<string></string>
			<key>targets</key>
			<array>
				<string>963BAFD71EBB14C900F74944</string>
				<string>963BAFF01EBB14C900F74944</string>
				<string>963BAFFB1EBB14C900F74944</string>
			</array>
		</dict>
		<key>963BAFD31EBB14C900F74944</key>
		<dict>
			<key>buildConfigurations</key>
			<array>
				<string>963BB0031EBB14C900F74944</string>
				<string>963BB0041EBB14C900F74944</string>
			</array>
			<key>defaultConfigurationIsVisible</key>
			<string>0</string>
			<key>defaultConfigurationName</key>
			<string>Release</string>
			<key>isa</key>
			<string>XCConfigurationList</string>
		</dict>
		<key>963BAFD41EBB14C900F74944</key>
		<dict>
			<key>buildActionMask</key>
			<string>2147483647</string>
			<key>files</key>
			<array>
				<string>963BB0421EBB1A5400F74944</string>
				<string>96E3C0B01EC83DF4009777EE</string>
				<string>96DCCB5E1EC75B6A001C3F39</string>
				<string>96DCCB5B1EC75B16001C3F39</string>
				<string>9667267D1EBF04D200DA85F8</string>
				<string>96C6BBBF1EC804E3000BC138</string>
				<string>963BB0441EBB1A5400F74944</string>
				<string>963BB0411EBB1A5400F74944</string>
				<string>96C6BBC21EC80515000BC138</string>
				<string>96E255271EC71B0500BECD4B</string>
				<string>9635A3A31EC04EE9005D7405</string>
				<string>963BB0431EBB1A5400F74944</string>
				<string>963BAFDD1EBB14C900F74944</string>
				<string>9635A3A61EC05C97005D7405</string>
				<string>96E255231EC7193900BECD4B</string>
				<string>96E3C0AC1EC83493009777EE</string>
			</array>
			<key>isa</key>
			<string>PBXSourcesBuildPhase</string>
			<key>runOnlyForDeploymentPostprocessing</key>
			<string>0</string>
		</dict>
		<key>963BAFD51EBB14C900F74944</key>
		<dict>
			<key>buildActionMask</key>
			<string>2147483647</string>
			<key>files</key>
			<array>
				<string>B0E3335E3659251A5EEC0B51</string>
			</array>
			<key>isa</key>
			<string>PBXFrameworksBuildPhase</string>
			<key>runOnlyForDeploymentPostprocessing</key>
			<string>0</string>
		</dict>
		<key>963BAFD61EBB14C900F74944</key>
		<dict>
			<key>buildActionMask</key>
			<string>2147483647</string>
			<key>files</key>
			<array>
				<string>963BAFEB1EBB14C900F74944</string>
				<string>963BB0461EBB1AF700F74944</string>
				<string>963BAFE61EBB14C900F74944</string>
			</array>
			<key>isa</key>
			<string>PBXResourcesBuildPhase</string>
			<key>runOnlyForDeploymentPostprocessing</key>
			<string>0</string>
		</dict>
		<key>963BAFD71EBB14C900F74944</key>
		<dict>
			<key>buildConfigurationList</key>
			<string>963BB0051EBB14C900F74944</string>
			<key>buildPhases</key>
			<array>
				<string>18EBBB51653ECF344DD3C4A1</string>
				<string>963BAFD41EBB14C900F74944</string>
				<string>963BAFD51EBB14C900F74944</string>
				<string>963BAFD61EBB14C900F74944</string>
				<string>ED3B1FDA743D39B4ACCCCB7B</string>
				<string>9B5BE0BA48CC9C489DEB9983</string>
			</array>
			<key>buildRules</key>
			<array/>
			<key>dependencies</key>
			<array/>
			<key>isa</key>
			<string>PBXNativeTarget</string>
			<key>name</key>
			<string>CPAER</string>
			<key>productName</key>
			<string>CPAER</string>
			<key>productReference</key>
			<string>963BAFD81EBB14C900F74944</string>
			<key>productType</key>
			<string>com.apple.product-type.application</string>
		</dict>
		<key>963BAFD81EBB14C900F74944</key>
		<dict>
			<key>explicitFileType</key>
			<string>wrapper.application</string>
			<key>includeInIndex</key>
			<string>0</string>
			<key>isa</key>
			<string>PBXFileReference</string>
			<key>path</key>
			<string>CPAER.app</string>
			<key>sourceTree</key>
			<string>BUILT_PRODUCTS_DIR</string>
		</dict>
		<key>963BAFD91EBB14C900F74944</key>
		<dict>
			<key>children</key>
			<array>
				<string>963BAFD81EBB14C900F74944</string>
				<string>963BAFF11EBB14C900F74944</string>
				<string>963BAFFC1EBB14C900F74944</string>
			</array>
			<key>isa</key>
			<string>PBXGroup</string>
			<key>name</key>
			<string>Products</string>
			<key>sourceTree</key>
			<string>&lt;group&gt;</string>
		</dict>
		<key>963BAFDA1EBB14C900F74944</key>
		<dict>
			<key>children</key>
			<array>
				<string>963BB0271EBB1A5400F74944</string>
				<string>963BAFE41EBB14C900F74944</string>
				<string>963BAFE91EBB14C900F74944</string>
				<string>963BB0451EBB1AF700F74944</string>
				<string>963BAFEC1EBB14C900F74944</string>
				<string>963BAFDB1EBB14C900F74944</string>
			</array>
			<key>isa</key>
			<string>PBXGroup</string>
			<key>path</key>
			<string>CPAER</string>
			<key>sourceTree</key>
			<string>&lt;group&gt;</string>
		</dict>
		<key>963BAFDB1EBB14C900F74944</key>
		<dict>
			<key>children</key>
			<array>
				<string>963BAFDC1EBB14C900F74944</string>
			</array>
			<key>isa</key>
			<string>PBXGroup</string>
			<key>name</key>
			<string>Supporting Files</string>
			<key>sourceTree</key>
			<string>&lt;group&gt;</string>
		</dict>
		<key>963BAFDC1EBB14C900F74944</key>
		<dict>
			<key>isa</key>
			<string>PBXFileReference</string>
			<key>lastKnownFileType</key>
			<string>sourcecode.c.objc</string>
			<key>path</key>
			<string>main.m</string>
			<key>sourceTree</key>
			<string>&lt;group&gt;</string>
		</dict>
		<key>963BAFDD1EBB14C900F74944</key>
		<dict>
			<key>fileRef</key>
			<string>963BAFDC1EBB14C900F74944</string>
			<key>isa</key>
			<string>PBXBuildFile</string>
		</dict>
		<key>963BAFE41EBB14C900F74944</key>
		<dict>
			<key>children</key>
			<array>
				<string>963BAFE51EBB14C900F74944</string>
			</array>
			<key>isa</key>
			<string>PBXVariantGroup</string>
			<key>name</key>
			<string>Main.storyboard</string>
			<key>sourceTree</key>
			<string>&lt;group&gt;</string>
		</dict>
		<key>963BAFE51EBB14C900F74944</key>
		<dict>
			<key>isa</key>
			<string>PBXFileReference</string>
			<key>lastKnownFileType</key>
			<string>file.storyboard</string>
			<key>name</key>
			<string>Base</string>
			<key>path</key>
			<string>Base.lproj/Main.storyboard</string>
			<key>sourceTree</key>
			<string>&lt;group&gt;</string>
		</dict>
		<key>963BAFE61EBB14C900F74944</key>
		<dict>
			<key>fileRef</key>
			<string>963BAFE41EBB14C900F74944</string>
			<key>isa</key>
			<string>PBXBuildFile</string>
		</dict>
		<key>963BAFE91EBB14C900F74944</key>
		<dict>
			<key>children</key>
			<array>
				<string>963BAFEA1EBB14C900F74944</string>
			</array>
			<key>isa</key>
			<string>PBXVariantGroup</string>
			<key>name</key>
			<string>LaunchScreen.storyboard</string>
			<key>sourceTree</key>
			<string>&lt;group&gt;</string>
		</dict>
		<key>963BAFEA1EBB14C900F74944</key>
		<dict>
			<key>isa</key>
			<string>PBXFileReference</string>
			<key>lastKnownFileType</key>
			<string>file.storyboard</string>
			<key>name</key>
			<string>Base</string>
			<key>path</key>
			<string>Base.lproj/LaunchScreen.storyboard</string>
			<key>sourceTree</key>
			<string>&lt;group&gt;</string>
		</dict>
		<key>963BAFEB1EBB14C900F74944</key>
		<dict>
			<key>fileRef</key>
			<string>963BAFE91EBB14C900F74944</string>
			<key>isa</key>
			<string>PBXBuildFile</string>
		</dict>
		<key>963BAFEC1EBB14C900F74944</key>
		<dict>
			<key>isa</key>
			<string>PBXFileReference</string>
			<key>lastKnownFileType</key>
			<string>text.plist.xml</string>
			<key>path</key>
			<string>Info.plist</string>
			<key>sourceTree</key>
			<string>&lt;group&gt;</string>
		</dict>
		<key>963BAFED1EBB14C900F74944</key>
		<dict>
			<key>buildActionMask</key>
			<string>2147483647</string>
			<key>files</key>
			<array>
				<string>963BAFF61EBB14C900F74944</string>
			</array>
			<key>isa</key>
			<string>PBXSourcesBuildPhase</string>
			<key>runOnlyForDeploymentPostprocessing</key>
			<string>0</string>
		</dict>
		<key>963BAFEE1EBB14C900F74944</key>
		<dict>
			<key>buildActionMask</key>
			<string>2147483647</string>
			<key>files</key>
			<array/>
			<key>isa</key>
			<string>PBXFrameworksBuildPhase</string>
			<key>runOnlyForDeploymentPostprocessing</key>
			<string>0</string>
		</dict>
		<key>963BAFEF1EBB14C900F74944</key>
		<dict>
			<key>buildActionMask</key>
			<string>2147483647</string>
			<key>files</key>
			<array/>
			<key>isa</key>
			<string>PBXResourcesBuildPhase</string>
			<key>runOnlyForDeploymentPostprocessing</key>
			<string>0</string>
		</dict>
		<key>963BAFF01EBB14C900F74944</key>
		<dict>
			<key>buildConfigurationList</key>
			<string>963BB0081EBB14C900F74944</string>
			<key>buildPhases</key>
			<array>
				<string>963BAFED1EBB14C900F74944</string>
				<string>963BAFEE1EBB14C900F74944</string>
				<string>963BAFEF1EBB14C900F74944</string>
			</array>
			<key>buildRules</key>
			<array/>
			<key>dependencies</key>
			<array>
				<string>963BAFF31EBB14C900F74944</string>
			</array>
			<key>isa</key>
			<string>PBXNativeTarget</string>
			<key>name</key>
			<string>CPAERTests</string>
			<key>productName</key>
			<string>CPAERTests</string>
			<key>productReference</key>
			<string>963BAFF11EBB14C900F74944</string>
			<key>productType</key>
			<string>com.apple.product-type.bundle.unit-test</string>
		</dict>
		<key>963BAFF11EBB14C900F74944</key>
		<dict>
			<key>explicitFileType</key>
			<string>wrapper.cfbundle</string>
			<key>includeInIndex</key>
			<string>0</string>
			<key>isa</key>
			<string>PBXFileReference</string>
			<key>path</key>
			<string>CPAERTests.xctest</string>
			<key>sourceTree</key>
			<string>BUILT_PRODUCTS_DIR</string>
		</dict>
		<key>963BAFF21EBB14C900F74944</key>
		<dict>
			<key>containerPortal</key>
			<string>963BAFD01EBB14C900F74944</string>
			<key>isa</key>
			<string>PBXContainerItemProxy</string>
			<key>proxyType</key>
			<string>1</string>
			<key>remoteGlobalIDString</key>
			<string>963BAFD71EBB14C900F74944</string>
			<key>remoteInfo</key>
			<string>CPAER</string>
		</dict>
		<key>963BAFF31EBB14C900F74944</key>
		<dict>
			<key>isa</key>
			<string>PBXTargetDependency</string>
			<key>target</key>
			<string>963BAFD71EBB14C900F74944</string>
			<key>targetProxy</key>
			<string>963BAFF21EBB14C900F74944</string>
		</dict>
		<key>963BAFF41EBB14C900F74944</key>
		<dict>
			<key>children</key>
			<array>
				<string>963BAFF51EBB14C900F74944</string>
				<string>963BAFF71EBB14C900F74944</string>
			</array>
			<key>isa</key>
			<string>PBXGroup</string>
			<key>path</key>
			<string>CPAERTests</string>
			<key>sourceTree</key>
			<string>&lt;group&gt;</string>
		</dict>
		<key>963BAFF51EBB14C900F74944</key>
		<dict>
			<key>isa</key>
			<string>PBXFileReference</string>
			<key>lastKnownFileType</key>
			<string>sourcecode.c.objc</string>
			<key>path</key>
			<string>CPAERTests.m</string>
			<key>sourceTree</key>
			<string>&lt;group&gt;</string>
		</dict>
		<key>963BAFF61EBB14C900F74944</key>
		<dict>
			<key>fileRef</key>
			<string>963BAFF51EBB14C900F74944</string>
			<key>isa</key>
			<string>PBXBuildFile</string>
		</dict>
		<key>963BAFF71EBB14C900F74944</key>
		<dict>
			<key>isa</key>
			<string>PBXFileReference</string>
			<key>lastKnownFileType</key>
			<string>text.plist.xml</string>
			<key>path</key>
			<string>Info.plist</string>
			<key>sourceTree</key>
			<string>&lt;group&gt;</string>
		</dict>
		<key>963BAFF81EBB14C900F74944</key>
		<dict>
			<key>buildActionMask</key>
			<string>2147483647</string>
			<key>files</key>
			<array>
				<string>963BB0011EBB14C900F74944</string>
			</array>
			<key>isa</key>
			<string>PBXSourcesBuildPhase</string>
			<key>runOnlyForDeploymentPostprocessing</key>
			<string>0</string>
		</dict>
		<key>963BAFF91EBB14C900F74944</key>
		<dict>
			<key>buildActionMask</key>
			<string>2147483647</string>
			<key>files</key>
			<array/>
			<key>isa</key>
			<string>PBXFrameworksBuildPhase</string>
			<key>runOnlyForDeploymentPostprocessing</key>
			<string>0</string>
		</dict>
		<key>963BAFFA1EBB14C900F74944</key>
		<dict>
			<key>buildActionMask</key>
			<string>2147483647</string>
			<key>files</key>
			<array/>
			<key>isa</key>
			<string>PBXResourcesBuildPhase</string>
			<key>runOnlyForDeploymentPostprocessing</key>
			<string>0</string>
		</dict>
		<key>963BAFFB1EBB14C900F74944</key>
		<dict>
			<key>buildConfigurationList</key>
			<string>963BB00B1EBB14C900F74944</string>
			<key>buildPhases</key>
			<array>
				<string>963BAFF81EBB14C900F74944</string>
				<string>963BAFF91EBB14C900F74944</string>
				<string>963BAFFA1EBB14C900F74944</string>
			</array>
			<key>buildRules</key>
			<array/>
			<key>dependencies</key>
			<array>
				<string>963BAFFE1EBB14C900F74944</string>
			</array>
			<key>isa</key>
			<string>PBXNativeTarget</string>
			<key>name</key>
			<string>CPAERUITests</string>
			<key>productName</key>
			<string>CPAERUITests</string>
			<key>productReference</key>
			<string>963BAFFC1EBB14C900F74944</string>
			<key>productType</key>
			<string>com.apple.product-type.bundle.ui-testing</string>
		</dict>
		<key>963BAFFC1EBB14C900F74944</key>
		<dict>
			<key>explicitFileType</key>
			<string>wrapper.cfbundle</string>
			<key>includeInIndex</key>
			<string>0</string>
			<key>isa</key>
			<string>PBXFileReference</string>
			<key>path</key>
			<string>CPAERUITests.xctest</string>
			<key>sourceTree</key>
			<string>BUILT_PRODUCTS_DIR</string>
		</dict>
		<key>963BAFFD1EBB14C900F74944</key>
		<dict>
			<key>containerPortal</key>
			<string>963BAFD01EBB14C900F74944</string>
			<key>isa</key>
			<string>PBXContainerItemProxy</string>
			<key>proxyType</key>
			<string>1</string>
			<key>remoteGlobalIDString</key>
			<string>963BAFD71EBB14C900F74944</string>
			<key>remoteInfo</key>
			<string>CPAER</string>
		</dict>
		<key>963BAFFE1EBB14C900F74944</key>
		<dict>
			<key>isa</key>
			<string>PBXTargetDependency</string>
			<key>target</key>
			<string>963BAFD71EBB14C900F74944</string>
			<key>targetProxy</key>
			<string>963BAFFD1EBB14C900F74944</string>
		</dict>
		<key>963BAFFF1EBB14C900F74944</key>
		<dict>
			<key>children</key>
			<array>
				<string>963BB0001EBB14C900F74944</string>
				<string>963BB0021EBB14C900F74944</string>
			</array>
			<key>isa</key>
			<string>PBXGroup</string>
			<key>path</key>
			<string>CPAERUITests</string>
			<key>sourceTree</key>
			<string>&lt;group&gt;</string>
		</dict>
		<key>963BB0001EBB14C900F74944</key>
		<dict>
			<key>isa</key>
			<string>PBXFileReference</string>
			<key>lastKnownFileType</key>
			<string>sourcecode.c.objc</string>
			<key>path</key>
			<string>CPAERUITests.m</string>
			<key>sourceTree</key>
			<string>&lt;group&gt;</string>
		</dict>
		<key>963BB0011EBB14C900F74944</key>
		<dict>
			<key>fileRef</key>
			<string>963BB0001EBB14C900F74944</string>
			<key>isa</key>
			<string>PBXBuildFile</string>
		</dict>
		<key>963BB0021EBB14C900F74944</key>
		<dict>
			<key>isa</key>
			<string>PBXFileReference</string>
			<key>lastKnownFileType</key>
			<string>text.plist.xml</string>
			<key>path</key>
			<string>Info.plist</string>
			<key>sourceTree</key>
			<string>&lt;group&gt;</string>
		</dict>
		<key>963BB0031EBB14C900F74944</key>
		<dict>
			<key>buildSettings</key>
			<dict>
				<key>ALWAYS_SEARCH_USER_PATHS</key>
				<string>NO</string>
				<key>CLANG_ANALYZER_NONNULL</key>
				<string>YES</string>
				<key>CLANG_ANALYZER_NUMBER_OBJECT_CONVERSION</key>
				<string>YES_AGGRESSIVE</string>
				<key>CLANG_CXX_LANGUAGE_STANDARD</key>
				<string>gnu++0x</string>
				<key>CLANG_CXX_LIBRARY</key>
				<string>libc++</string>
				<key>CLANG_ENABLE_MODULES</key>
				<string>YES</string>
				<key>CLANG_ENABLE_OBJC_ARC</key>
				<string>YES</string>
				<key>CLANG_WARN_BOOL_CONVERSION</key>
				<string>YES</string>
				<key>CLANG_WARN_CONSTANT_CONVERSION</key>
				<string>YES</string>
				<key>CLANG_WARN_DIRECT_OBJC_ISA_USAGE</key>
				<string>YES_ERROR</string>
				<key>CLANG_WARN_DOCUMENTATION_COMMENTS</key>
				<string>YES</string>
				<key>CLANG_WARN_EMPTY_BODY</key>
				<string>YES</string>
				<key>CLANG_WARN_ENUM_CONVERSION</key>
				<string>YES</string>
				<key>CLANG_WARN_INFINITE_RECURSION</key>
				<string>YES</string>
				<key>CLANG_WARN_INT_CONVERSION</key>
				<string>YES</string>
				<key>CLANG_WARN_OBJC_ROOT_CLASS</key>
				<string>YES_ERROR</string>
				<key>CLANG_WARN_SUSPICIOUS_MOVE</key>
				<string>YES</string>
				<key>CLANG_WARN_UNREACHABLE_CODE</key>
				<string>YES</string>
				<key>CLANG_WARN__DUPLICATE_METHOD_MATCH</key>
				<string>YES</string>
				<key>CODE_SIGN_IDENTITY[sdk=iphoneos*]</key>
				<string>iPhone Developer</string>
				<key>COPY_PHASE_STRIP</key>
				<string>NO</string>
				<key>DEBUG_INFORMATION_FORMAT</key>
				<string>dwarf</string>
				<key>ENABLE_STRICT_OBJC_MSGSEND</key>
				<string>YES</string>
				<key>ENABLE_TESTABILITY</key>
				<string>YES</string>
				<key>GCC_C_LANGUAGE_STANDARD</key>
				<string>gnu99</string>
				<key>GCC_DYNAMIC_NO_PIC</key>
				<string>NO</string>
				<key>GCC_NO_COMMON_BLOCKS</key>
				<string>YES</string>
				<key>GCC_OPTIMIZATION_LEVEL</key>
				<string>0</string>
				<key>GCC_PREPROCESSOR_DEFINITIONS</key>
				<array>
					<string>DEBUG=1</string>
					<string>$(inherited)</string>
				</array>
				<key>GCC_WARN_64_TO_32_BIT_CONVERSION</key>
				<string>YES</string>
				<key>GCC_WARN_ABOUT_RETURN_TYPE</key>
				<string>YES_ERROR</string>
				<key>GCC_WARN_UNDECLARED_SELECTOR</key>
				<string>YES</string>
				<key>GCC_WARN_UNINITIALIZED_AUTOS</key>
				<string>YES_AGGRESSIVE</string>
				<key>GCC_WARN_UNUSED_FUNCTION</key>
				<string>YES</string>
				<key>GCC_WARN_UNUSED_VARIABLE</key>
				<string>YES</string>
				<key>IPHONEOS_DEPLOYMENT_TARGET</key>
				<string>10.3</string>
				<key>MTL_ENABLE_DEBUG_INFO</key>
				<string>YES</string>
				<key>ONLY_ACTIVE_ARCH</key>
				<string>YES</string>
				<key>SDKROOT</key>
				<string>iphoneos</string>
			</dict>
			<key>isa</key>
			<string>XCBuildConfiguration</string>
			<key>name</key>
			<string>Debug</string>
		</dict>
		<key>963BB0041EBB14C900F74944</key>
		<dict>
			<key>buildSettings</key>
			<dict>
				<key>ALWAYS_SEARCH_USER_PATHS</key>
				<string>NO</string>
				<key>CLANG_ANALYZER_NONNULL</key>
				<string>YES</string>
				<key>CLANG_ANALYZER_NUMBER_OBJECT_CONVERSION</key>
				<string>YES_AGGRESSIVE</string>
				<key>CLANG_CXX_LANGUAGE_STANDARD</key>
				<string>gnu++0x</string>
				<key>CLANG_CXX_LIBRARY</key>
				<string>libc++</string>
				<key>CLANG_ENABLE_MODULES</key>
				<string>YES</string>
				<key>CLANG_ENABLE_OBJC_ARC</key>
				<string>YES</string>
				<key>CLANG_WARN_BOOL_CONVERSION</key>
				<string>YES</string>
				<key>CLANG_WARN_CONSTANT_CONVERSION</key>
				<string>YES</string>
				<key>CLANG_WARN_DIRECT_OBJC_ISA_USAGE</key>
				<string>YES_ERROR</string>
				<key>CLANG_WARN_DOCUMENTATION_COMMENTS</key>
				<string>YES</string>
				<key>CLANG_WARN_EMPTY_BODY</key>
				<string>YES</string>
				<key>CLANG_WARN_ENUM_CONVERSION</key>
				<string>YES</string>
				<key>CLANG_WARN_INFINITE_RECURSION</key>
				<string>YES</string>
				<key>CLANG_WARN_INT_CONVERSION</key>
				<string>YES</string>
				<key>CLANG_WARN_OBJC_ROOT_CLASS</key>
				<string>YES_ERROR</string>
				<key>CLANG_WARN_SUSPICIOUS_MOVE</key>
				<string>YES</string>
				<key>CLANG_WARN_UNREACHABLE_CODE</key>
				<string>YES</string>
				<key>CLANG_WARN__DUPLICATE_METHOD_MATCH</key>
				<string>YES</string>
				<key>CODE_SIGN_IDENTITY[sdk=iphoneos*]</key>
				<string>iPhone Developer</string>
				<key>COPY_PHASE_STRIP</key>
				<string>NO</string>
				<key>DEBUG_INFORMATION_FORMAT</key>
				<string>dwarf-with-dsym</string>
				<key>ENABLE_NS_ASSERTIONS</key>
				<string>NO</string>
				<key>ENABLE_STRICT_OBJC_MSGSEND</key>
				<string>YES</string>
				<key>GCC_C_LANGUAGE_STANDARD</key>
				<string>gnu99</string>
				<key>GCC_NO_COMMON_BLOCKS</key>
				<string>YES</string>
				<key>GCC_WARN_64_TO_32_BIT_CONVERSION</key>
				<string>YES</string>
				<key>GCC_WARN_ABOUT_RETURN_TYPE</key>
				<string>YES_ERROR</string>
				<key>GCC_WARN_UNDECLARED_SELECTOR</key>
				<string>YES</string>
				<key>GCC_WARN_UNINITIALIZED_AUTOS</key>
				<string>YES_AGGRESSIVE</string>
				<key>GCC_WARN_UNUSED_FUNCTION</key>
				<string>YES</string>
				<key>GCC_WARN_UNUSED_VARIABLE</key>
				<string>YES</string>
				<key>IPHONEOS_DEPLOYMENT_TARGET</key>
				<string>10.3</string>
				<key>MTL_ENABLE_DEBUG_INFO</key>
				<string>NO</string>
				<key>SDKROOT</key>
				<string>iphoneos</string>
				<key>VALIDATE_PRODUCT</key>
				<string>YES</string>
			</dict>
			<key>isa</key>
			<string>XCBuildConfiguration</string>
			<key>name</key>
			<string>Release</string>
		</dict>
		<key>963BB0051EBB14C900F74944</key>
		<dict>
			<key>buildConfigurations</key>
			<array>
				<string>963BB0061EBB14C900F74944</string>
				<string>963BB0071EBB14C900F74944</string>
			</array>
			<key>defaultConfigurationIsVisible</key>
			<string>0</string>
			<key>defaultConfigurationName</key>
			<string>Release</string>
			<key>isa</key>
			<string>XCConfigurationList</string>
		</dict>
		<key>963BB0061EBB14C900F74944</key>
		<dict>
			<key>baseConfigurationReference</key>
			<string>BDCC12CC995662164A8A3C92</string>
			<key>buildSettings</key>
			<dict>
				<key>ASSETCATALOG_COMPILER_APPICON_NAME</key>
				<string>AppIcon</string>
				<key>DEVELOPMENT_TEAM</key>
				<string>HS58FBSKGP</string>
				<key>GCC_PRECOMPILE_PREFIX_HEADER</key>
				<string>YES</string>
				<key>GCC_PREFIX_HEADER</key>
				<string>$(SRCROOT)/CPAER/Source/Macro/PrefixHeader.pch</string>
				<key>INFOPLIST_FILE</key>
				<string>CPAER/Info.plist</string>
				<key>IPHONEOS_DEPLOYMENT_TARGET</key>
				<string>8.0</string>
				<key>LD_RUNPATH_SEARCH_PATHS</key>
				<string>$(inherited) @executable_path/Frameworks</string>
				<key>PRODUCT_BUNDLE_IDENTIFIER</key>
				<string>com.jincheng.zhuzh.CPAER</string>
				<key>PRODUCT_NAME</key>
				<string>$(TARGET_NAME)</string>
			</dict>
			<key>isa</key>
			<string>XCBuildConfiguration</string>
			<key>name</key>
			<string>Debug</string>
		</dict>
		<key>963BB0071EBB14C900F74944</key>
		<dict>
			<key>baseConfigurationReference</key>
			<string>E16E2CEA6F6FD73FC65A6D59</string>
			<key>buildSettings</key>
			<dict>
				<key>ASSETCATALOG_COMPILER_APPICON_NAME</key>
				<string>AppIcon</string>
				<key>DEVELOPMENT_TEAM</key>
				<string>HS58FBSKGP</string>
				<key>GCC_PRECOMPILE_PREFIX_HEADER</key>
				<string>YES</string>
				<key>GCC_PREFIX_HEADER</key>
				<string>$(SRCROOT)/CPAER/Source/Macro/PrefixHeader.pch</string>
				<key>INFOPLIST_FILE</key>
				<string>CPAER/Info.plist</string>
				<key>IPHONEOS_DEPLOYMENT_TARGET</key>
				<string>8.0</string>
				<key>LD_RUNPATH_SEARCH_PATHS</key>
				<string>$(inherited) @executable_path/Frameworks</string>
				<key>PRODUCT_BUNDLE_IDENTIFIER</key>
				<string>com.jincheng.zhuzh.CPAER</string>
				<key>PRODUCT_NAME</key>
				<string>$(TARGET_NAME)</string>
			</dict>
			<key>isa</key>
			<string>XCBuildConfiguration</string>
			<key>name</key>
			<string>Release</string>
		</dict>
		<key>963BB0081EBB14C900F74944</key>
		<dict>
			<key>buildConfigurations</key>
			<array>
				<string>963BB0091EBB14C900F74944</string>
				<string>963BB00A1EBB14C900F74944</string>
			</array>
			<key>defaultConfigurationIsVisible</key>
			<string>0</string>
			<key>defaultConfigurationName</key>
			<string>Release</string>
			<key>isa</key>
			<string>XCConfigurationList</string>
		</dict>
		<key>963BB0091EBB14C900F74944</key>
		<dict>
			<key>buildSettings</key>
			<dict>
				<key>BUNDLE_LOADER</key>
				<string>$(TEST_HOST)</string>
				<key>DEVELOPMENT_TEAM</key>
				<string>XE7QVWA3R9</string>
				<key>INFOPLIST_FILE</key>
				<string>CPAERTests/Info.plist</string>
				<key>LD_RUNPATH_SEARCH_PATHS</key>
				<string>$(inherited) @executable_path/Frameworks @loader_path/Frameworks</string>
				<key>PRODUCT_BUNDLE_IDENTIFIER</key>
				<string>com.jincheng.zhuzh.CPAERTests</string>
				<key>PRODUCT_NAME</key>
				<string>$(TARGET_NAME)</string>
				<key>TEST_HOST</key>
				<string>$(BUILT_PRODUCTS_DIR)/CPAER.app/CPAER</string>
			</dict>
			<key>isa</key>
			<string>XCBuildConfiguration</string>
			<key>name</key>
			<string>Debug</string>
		</dict>
		<key>963BB00A1EBB14C900F74944</key>
		<dict>
			<key>buildSettings</key>
			<dict>
				<key>BUNDLE_LOADER</key>
				<string>$(TEST_HOST)</string>
				<key>DEVELOPMENT_TEAM</key>
				<string>XE7QVWA3R9</string>
				<key>INFOPLIST_FILE</key>
				<string>CPAERTests/Info.plist</string>
				<key>LD_RUNPATH_SEARCH_PATHS</key>
				<string>$(inherited) @executable_path/Frameworks @loader_path/Frameworks</string>
				<key>PRODUCT_BUNDLE_IDENTIFIER</key>
				<string>com.jincheng.zhuzh.CPAERTests</string>
				<key>PRODUCT_NAME</key>
				<string>$(TARGET_NAME)</string>
				<key>TEST_HOST</key>
				<string>$(BUILT_PRODUCTS_DIR)/CPAER.app/CPAER</string>
			</dict>
			<key>isa</key>
			<string>XCBuildConfiguration</string>
			<key>name</key>
			<string>Release</string>
		</dict>
		<key>963BB00B1EBB14C900F74944</key>
		<dict>
			<key>buildConfigurations</key>
			<array>
				<string>963BB00C1EBB14C900F74944</string>
				<string>963BB00D1EBB14C900F74944</string>
			</array>
			<key>defaultConfigurationIsVisible</key>
			<string>0</string>
			<key>defaultConfigurationName</key>
			<string>Release</string>
			<key>isa</key>
			<string>XCConfigurationList</string>
		</dict>
		<key>963BB00C1EBB14C900F74944</key>
		<dict>
			<key>buildSettings</key>
			<dict>
				<key>DEVELOPMENT_TEAM</key>
				<string>XE7QVWA3R9</string>
				<key>INFOPLIST_FILE</key>
				<string>CPAERUITests/Info.plist</string>
				<key>LD_RUNPATH_SEARCH_PATHS</key>
				<string>$(inherited) @executable_path/Frameworks @loader_path/Frameworks</string>
				<key>PRODUCT_BUNDLE_IDENTIFIER</key>
				<string>com.jincheng.zhuzh.CPAERUITests</string>
				<key>PRODUCT_NAME</key>
				<string>$(TARGET_NAME)</string>
				<key>TEST_TARGET_NAME</key>
				<string>CPAER</string>
			</dict>
			<key>isa</key>
			<string>XCBuildConfiguration</string>
			<key>name</key>
			<string>Debug</string>
		</dict>
		<key>963BB00D1EBB14C900F74944</key>
		<dict>
			<key>buildSettings</key>
			<dict>
				<key>DEVELOPMENT_TEAM</key>
				<string>XE7QVWA3R9</string>
				<key>INFOPLIST_FILE</key>
				<string>CPAERUITests/Info.plist</string>
				<key>LD_RUNPATH_SEARCH_PATHS</key>
				<string>$(inherited) @executable_path/Frameworks @loader_path/Frameworks</string>
				<key>PRODUCT_BUNDLE_IDENTIFIER</key>
				<string>com.jincheng.zhuzh.CPAERUITests</string>
				<key>PRODUCT_NAME</key>
				<string>$(TARGET_NAME)</string>
				<key>TEST_TARGET_NAME</key>
				<string>CPAER</string>
			</dict>
			<key>isa</key>
			<string>XCBuildConfiguration</string>
			<key>name</key>
			<string>Release</string>
		</dict>
		<key>963BB0271EBB1A5400F74944</key>
		<dict>
			<key>children</key>
			<array>
				<string>96E255241EC71A2C00BECD4B</string>
				<string>963BB0281EBB1A5400F74944</string>
				<string>963BB02B1EBB1A5400F74944</string>
				<string>963BB02C1EBB1A5400F74944</string>
				<string>963BB0341EBB1A5400F74944</string>
				<string>963BB0351EBB1A5400F74944</string>
				<string>963BB0361EBB1A5400F74944</string>
				<string>963BB0371EBB1A5400F74944</string>
				<string>963BB0381EBB1A5400F74944</string>
				<string>963BB0391EBB1A5400F74944</string>
				<string>963BB03F1EBB1A5400F74944</string>
				<string>963BB0401EBB1A5400F74944</string>
			</array>
			<key>isa</key>
			<string>PBXGroup</string>
			<key>path</key>
			<string>Source</string>
			<key>sourceTree</key>
			<string>&lt;group&gt;</string>
		</dict>
		<key>963BB0281EBB1A5400F74944</key>
		<dict>
			<key>children</key>
			<array>
				<string>963BB0291EBB1A5400F74944</string>
				<string>963BB02A1EBB1A5400F74944</string>
			</array>
			<key>isa</key>
			<string>PBXGroup</string>
			<key>path</key>
			<string>Application</string>
			<key>sourceTree</key>
			<string>&lt;group&gt;</string>
		</dict>
		<key>963BB0291EBB1A5400F74944</key>
		<dict>
			<key>fileEncoding</key>
			<string>4</string>
			<key>isa</key>
			<string>PBXFileReference</string>
			<key>lastKnownFileType</key>
			<string>sourcecode.c.h</string>
			<key>path</key>
			<string>AppDelegate.h</string>
			<key>sourceTree</key>
			<string>&lt;group&gt;</string>
		</dict>
		<key>963BB02A1EBB1A5400F74944</key>
		<dict>
			<key>fileEncoding</key>
			<string>4</string>
			<key>isa</key>
			<string>PBXFileReference</string>
			<key>lastKnownFileType</key>
			<string>sourcecode.c.objc</string>
			<key>path</key>
			<string>AppDelegate.m</string>
			<key>sourceTree</key>
			<string>&lt;group&gt;</string>
		</dict>
		<key>963BB02B1EBB1A5400F74944</key>
		<dict>
			<key>children</key>
			<array>
				<string>96DCCB5C1EC75B6A001C3F39</string>
				<string>96DCCB5D1EC75B6A001C3F39</string>
				<string>96DCCB591EC75B16001C3F39</string>
				<string>96DCCB5A1EC75B16001C3F39</string>
				<string>96E255211EC7193900BECD4B</string>
				<string>96E255221EC7193900BECD4B</string>
				<string>9635A3A41EC05C97005D7405</string>
				<string>9635A3A51EC05C97005D7405</string>
				<string>9635A3A11EC04EE9005D7405</string>
				<string>9635A3A21EC04EE9005D7405</string>
			</array>
			<key>isa</key>
			<string>PBXGroup</string>
			<key>path</key>
			<string>BaseClass</string>
			<key>sourceTree</key>
			<string>&lt;group&gt;</string>
		</dict>
		<key>963BB02C1EBB1A5400F74944</key>
		<dict>
			<key>children</key>
			<array>
				<string>966726771EBF01C700DA85F8</string>
				<string>966726781EBF01C700DA85F8</string>
				<string>966726791EBF01C700DA85F8</string>
				<string>963BB02D1EBB1A5400F74944</string>
			</array>
			<key>isa</key>
			<string>PBXGroup</string>
			<key>path</key>
			<string>CodeClass</string>
			<key>sourceTree</key>
			<string>&lt;group&gt;</string>
		</dict>
		<key>963BB02D1EBB1A5400F74944</key>
		<dict>
			<key>children</key>
			<array>
				<string>963BB02E1EBB1A5400F74944</string>
				<string>963BB02F1EBB1A5400F74944</string>
				<string>963BB0301EBB1A5400F74944</string>
				<string>963BB0311EBB1A5400F74944</string>
				<string>963BB0321EBB1A5400F74944</string>
				<string>963BB0331EBB1A5400F74944</string>
			</array>
			<key>isa</key>
			<string>PBXGroup</string>
			<key>path</key>
			<string>LCTabbar</string>
			<key>sourceTree</key>
			<string>&lt;group&gt;</string>
		</dict>
		<key>963BB02E1EBB1A5400F74944</key>
		<dict>
			<key>fileEncoding</key>
			<string>4</string>
			<key>isa</key>
			<string>PBXFileReference</string>
			<key>lastKnownFileType</key>
			<string>sourcecode.c.h</string>
			<key>path</key>
			<string>LCTabbar.h</string>
			<key>sourceTree</key>
			<string>&lt;group&gt;</string>
		</dict>
		<key>963BB02F1EBB1A5400F74944</key>
		<dict>
			<key>fileEncoding</key>
			<string>4</string>
			<key>isa</key>
			<string>PBXFileReference</string>
			<key>lastKnownFileType</key>
			<string>sourcecode.c.objc</string>
			<key>path</key>
			<string>LCTabbar.m</string>
			<key>sourceTree</key>
			<string>&lt;group&gt;</string>
		</dict>
		<key>963BB0301EBB1A5400F74944</key>
		<dict>
			<key>fileEncoding</key>
			<string>4</string>
			<key>isa</key>
			<string>PBXFileReference</string>
			<key>lastKnownFileType</key>
			<string>sourcecode.c.h</string>
			<key>path</key>
			<string>LCTabBarButton.h</string>
			<key>sourceTree</key>
			<string>&lt;group&gt;</string>
		</dict>
		<key>963BB0311EBB1A5400F74944</key>
		<dict>
			<key>fileEncoding</key>
			<string>4</string>
			<key>isa</key>
			<string>PBXFileReference</string>
			<key>lastKnownFileType</key>
			<string>sourcecode.c.objc</string>
			<key>path</key>
			<string>LCTabBarButton.m</string>
			<key>sourceTree</key>
			<string>&lt;group&gt;</string>
		</dict>
		<key>963BB0321EBB1A5400F74944</key>
		<dict>
			<key>fileEncoding</key>
			<string>4</string>
			<key>isa</key>
			<string>PBXFileReference</string>
			<key>lastKnownFileType</key>
			<string>sourcecode.c.h</string>
			<key>path</key>
			<string>LCTabBarController.h</string>
			<key>sourceTree</key>
			<string>&lt;group&gt;</string>
		</dict>
		<key>963BB0331EBB1A5400F74944</key>
		<dict>
			<key>fileEncoding</key>
			<string>4</string>
			<key>isa</key>
			<string>PBXFileReference</string>
			<key>lastKnownFileType</key>
			<string>sourcecode.c.objc</string>
			<key>path</key>
			<string>LCTabBarController.m</string>
			<key>sourceTree</key>
			<string>&lt;group&gt;</string>
		</dict>
		<key>963BB0341EBB1A5400F74944</key>
		<dict>
			<key>children</key>
			<array/>
			<key>isa</key>
			<string>PBXGroup</string>
			<key>path</key>
			<string>DataBase</string>
			<key>sourceTree</key>
			<string>&lt;group&gt;</string>
		</dict>
		<key>963BB0351EBB1A5400F74944</key>
		<dict>
			<key>children</key>
			<array/>
			<key>isa</key>
			<string>PBXGroup</string>
			<key>path</key>
			<string>EnNetWork</string>
			<key>sourceTree</key>
			<string>&lt;group&gt;</string>
		</dict>
		<key>963BB0361EBB1A5400F74944</key>
		<dict>
			<key>children</key>
			<array/>
			<key>isa</key>
			<string>PBXGroup</string>
			<key>path</key>
			<string>Framework</string>
			<key>sourceTree</key>
			<string>&lt;group&gt;</string>
		</dict>
		<key>963BB0371EBB1A5400F74944</key>
		<dict>
			<key>children</key>
			<array/>
			<key>isa</key>
			<string>PBXGroup</string>
			<key>path</key>
			<string>Global</string>
			<key>sourceTree</key>
			<string>&lt;group&gt;</string>
		</dict>
		<key>963BB0381EBB1A5400F74944</key>
		<dict>
			<key>children</key>
			<array/>
			<key>isa</key>
			<string>PBXGroup</string>
			<key>path</key>
			<string>Helper</string>
			<key>sourceTree</key>
			<string>&lt;group&gt;</string>
		</dict>
		<key>963BB0391EBB1A5400F74944</key>
		<dict>
			<key>children</key>
			<array>
				<string>963BB03A1EBB1A5400F74944</string>
				<string>963BB03B1EBB1A5400F74944</string>
				<string>963BB03C1EBB1A5400F74944</string>
				<string>963BB03E1EBB1A5400F74944</string>
				<string>969CCDEA1EC0721200A74580</string>
			</array>
			<key>isa</key>
			<string>PBXGroup</string>
			<key>path</key>
			<string>Macro</string>
			<key>sourceTree</key>
			<string>&lt;group&gt;</string>
		</dict>
		<key>963BB03A1EBB1A5400F74944</key>
		<dict>
			<key>fileEncoding</key>
			<string>4</string>
			<key>isa</key>
			<string>PBXFileReference</string>
			<key>lastKnownFileType</key>
			<string>sourcecode.c.h</string>
			<key>path</key>
			<string>APPHeader.h</string>
			<key>sourceTree</key>
			<string>&lt;group&gt;</string>
		</dict>
		<key>963BB03B1EBB1A5400F74944</key>
		<dict>
			<key>fileEncoding</key>
			<string>4</string>
			<key>isa</key>
			<string>PBXFileReference</string>
			<key>lastKnownFileType</key>
			<string>sourcecode.c.h</string>
			<key>path</key>
			<string>IMPHeader.h</string>
			<key>sourceTree</key>
			<string>&lt;group&gt;</string>
		</dict>
		<key>963BB03C1EBB1A5400F74944</key>
		<dict>
			<key>fileEncoding</key>
			<string>4</string>
			<key>isa</key>
			<string>PBXFileReference</string>
			<key>lastKnownFileType</key>
			<string>sourcecode.c.h</string>
			<key>path</key>
			<string>KEYHeader.h</string>
			<key>sourceTree</key>
			<string>&lt;group&gt;</string>
		</dict>
		<key>963BB03E1EBB1A5400F74944</key>
		<dict>
			<key>fileEncoding</key>
			<string>4</string>
			<key>isa</key>
			<string>PBXFileReference</string>
			<key>lastKnownFileType</key>
			<string>sourcecode.c.h</string>
			<key>path</key>
			<string>URLHeader.h</string>
			<key>sourceTree</key>
			<string>&lt;group&gt;</string>
		</dict>
		<key>963BB03F1EBB1A5400F74944</key>
		<dict>
			<key>children</key>
			<array/>
			<key>isa</key>
			<string>PBXGroup</string>
			<key>path</key>
			<string>Resources</string>
			<key>sourceTree</key>
			<string>&lt;group&gt;</string>
		</dict>
		<key>963BB0401EBB1A5400F74944</key>
		<dict>
			<key>children</key>
			<array/>
			<key>isa</key>
			<string>PBXGroup</string>
			<key>path</key>
			<string>TheThird</string>
			<key>sourceTree</key>
			<string>&lt;group&gt;</string>
		</dict>
		<key>963BB0411EBB1A5400F74944</key>
		<dict>
			<key>fileRef</key>
			<string>963BB02A1EBB1A5400F74944</string>
			<key>isa</key>
			<string>PBXBuildFile</string>
		</dict>
		<key>963BB0421EBB1A5400F74944</key>
		<dict>
			<key>fileRef</key>
			<string>963BB02F1EBB1A5400F74944</string>
			<key>isa</key>
			<string>PBXBuildFile</string>
		</dict>
		<key>963BB0431EBB1A5400F74944</key>
		<dict>
			<key>fileRef</key>
			<string>963BB0311EBB1A5400F74944</string>
			<key>isa</key>
			<string>PBXBuildFile</string>
		</dict>
		<key>963BB0441EBB1A5400F74944</key>
		<dict>
			<key>fileRef</key>
			<string>963BB0331EBB1A5400F74944</string>
			<key>isa</key>
			<string>PBXBuildFile</string>
		</dict>
		<key>963BB0451EBB1AF700F74944</key>
		<dict>
			<key>isa</key>
			<string>PBXFileReference</string>
			<key>lastKnownFileType</key>
			<string>folder.assetcatalog</string>
			<key>path</key>
			<string>Assets.xcassets</string>
			<key>sourceTree</key>
			<string>&lt;group&gt;</string>
		</dict>
		<key>963BB0461EBB1AF700F74944</key>
		<dict>
			<key>fileRef</key>
			<string>963BB0451EBB1AF700F74944</string>
			<key>isa</key>
			<string>PBXBuildFile</string>
		</dict>
		<key>966726771EBF01C700DA85F8</key>
		<dict>
			<key>children</key>
			<array>
				<string>96E3C0AD1EC83DDC009777EE</string>
				<string>9667267A1EBF021000DA85F8</string>
			</array>
			<key>isa</key>
			<string>PBXGroup</string>
			<key>path</key>
			<string>Controller</string>
			<key>sourceTree</key>
			<string>&lt;group&gt;</string>
		</dict>
		<key>966726781EBF01C700DA85F8</key>
		<dict>
			<key>children</key>
			<array/>
			<key>isa</key>
			<string>PBXGroup</string>
			<key>path</key>
			<string>Model</string>
			<key>sourceTree</key>
			<string>&lt;group&gt;</string>
		</dict>
		<key>966726791EBF01C700DA85F8</key>
		<dict>
			<key>children</key>
			<array/>
			<key>isa</key>
			<string>PBXGroup</string>
			<key>path</key>
			<string>View</string>
			<key>sourceTree</key>
			<string>&lt;group&gt;</string>
		</dict>
		<key>9667267A1EBF021000DA85F8</key>
		<dict>
			<key>children</key>
			<array>
				<string>9667267B1EBF04D200DA85F8</string>
				<string>9667267C1EBF04D200DA85F8</string>
				<string>96E3C0AA1EC83493009777EE</string>
				<string>96E3C0AB1EC83493009777EE</string>
			</array>
			<key>isa</key>
			<string>PBXGroup</string>
			<key>path</key>
			<string>LoginRegister</string>
			<key>sourceTree</key>
			<string>&lt;group&gt;</string>
		</dict>
		<key>9667267B1EBF04D200DA85F8</key>
		<dict>
			<key>fileEncoding</key>
			<string>4</string>
			<key>isa</key>
			<string>PBXFileReference</string>
			<key>lastKnownFileType</key>
			<string>sourcecode.c.h</string>
			<key>path</key>
			<string>RegisterViewController.h</string>
			<key>sourceTree</key>
			<string>&lt;group&gt;</string>
		</dict>
		<key>9667267C1EBF04D200DA85F8</key>
		<dict>
			<key>fileEncoding</key>
			<string>4</string>
			<key>isa</key>
			<string>PBXFileReference</string>
			<key>lastKnownFileType</key>
			<string>sourcecode.c.objc</string>
			<key>path</key>
			<string>RegisterViewController.m</string>
			<key>sourceTree</key>
			<string>&lt;group&gt;</string>
		</dict>
		<key>9667267D1EBF04D200DA85F8</key>
		<dict>
			<key>fileRef</key>
			<string>9667267C1EBF04D200DA85F8</string>
			<key>isa</key>
			<string>PBXBuildFile</string>
		</dict>
		<key>969CCDEA1EC0721200A74580</key>
		<dict>
			<key>fileEncoding</key>
			<string>4</string>
			<key>isa</key>
			<string>PBXFileReference</string>
			<key>lastKnownFileType</key>
			<string>sourcecode.c.h</string>
			<key>path</key>
			<string>PrefixHeader.pch</string>
			<key>sourceTree</key>
			<string>&lt;group&gt;</string>
		</dict>
		<key>96C6BBBD1EC804E3000BC138</key>
		<dict>
			<key>fileEncoding</key>
			<string>4</string>
			<key>isa</key>
			<string>PBXFileReference</string>
			<key>lastKnownFileType</key>
			<string>sourcecode.c.h</string>
			<key>path</key>
			<string>RegisterService.h</string>
			<key>sourceTree</key>
			<string>&lt;group&gt;</string>
		</dict>
		<key>96C6BBBE1EC804E3000BC138</key>
		<dict>
			<key>fileEncoding</key>
			<string>4</string>
			<key>isa</key>
			<string>PBXFileReference</string>
			<key>lastKnownFileType</key>
			<string>sourcecode.c.objc</string>
			<key>path</key>
			<string>RegisterService.m</string>
			<key>sourceTree</key>
			<string>&lt;group&gt;</string>
		</dict>
		<key>96C6BBBF1EC804E3000BC138</key>
		<dict>
			<key>fileRef</key>
			<string>96C6BBBE1EC804E3000BC138</string>
			<key>isa</key>
			<string>PBXBuildFile</string>
		</dict>
		<key>96C6BBC01EC80515000BC138</key>
		<dict>
			<key>fileEncoding</key>
			<string>4</string>
			<key>isa</key>
			<string>PBXFileReference</string>
			<key>lastKnownFileType</key>
			<string>sourcecode.c.h</string>
			<key>path</key>
			<string>LoginService.h</string>
			<key>sourceTree</key>
			<string>&lt;group&gt;</string>
		</dict>
		<key>96C6BBC11EC80515000BC138</key>
		<dict>
			<key>fileEncoding</key>
			<string>4</string>
			<key>isa</key>
			<string>PBXFileReference</string>
			<key>lastKnownFileType</key>
			<string>sourcecode.c.objc</string>
			<key>path</key>
			<string>LoginService.m</string>
			<key>sourceTree</key>
			<string>&lt;group&gt;</string>
		</dict>
		<key>96C6BBC21EC80515000BC138</key>
		<dict>
			<key>fileRef</key>
			<string>96C6BBC11EC80515000BC138</string>
			<key>isa</key>
			<string>PBXBuildFile</string>
		</dict>
		<key>96DCCB591EC75B16001C3F39</key>
		<dict>
			<key>fileEncoding</key>
			<string>4</string>
			<key>isa</key>
			<string>PBXFileReference</string>
			<key>lastKnownFileType</key>
			<string>sourcecode.c.h</string>
			<key>path</key>
			<string>UIViewController+Utils.h</string>
			<key>sourceTree</key>
			<string>&lt;group&gt;</string>
		</dict>
		<key>96DCCB5A1EC75B16001C3F39</key>
		<dict>
			<key>fileEncoding</key>
			<string>4</string>
			<key>isa</key>
			<string>PBXFileReference</string>
			<key>lastKnownFileType</key>
			<string>sourcecode.c.objc</string>
			<key>path</key>
			<string>UIViewController+Utils.m</string>
			<key>sourceTree</key>
			<string>&lt;group&gt;</string>
		</dict>
		<key>96DCCB5B1EC75B16001C3F39</key>
		<dict>
			<key>fileRef</key>
			<string>96DCCB5A1EC75B16001C3F39</string>
			<key>isa</key>
			<string>PBXBuildFile</string>
		</dict>
		<key>96DCCB5C1EC75B6A001C3F39</key>
		<dict>
			<key>fileEncoding</key>
			<string>4</string>
			<key>isa</key>
			<string>PBXFileReference</string>
			<key>lastKnownFileType</key>
			<string>sourcecode.c.h</string>
			<key>path</key>
			<string>BaseViewController.h</string>
			<key>sourceTree</key>
			<string>&lt;group&gt;</string>
		</dict>
		<key>96DCCB5D1EC75B6A001C3F39</key>
		<dict>
			<key>fileEncoding</key>
			<string>4</string>
			<key>isa</key>
			<string>PBXFileReference</string>
			<key>lastKnownFileType</key>
			<string>sourcecode.c.objc</string>
			<key>path</key>
			<string>BaseViewController.m</string>
			<key>sourceTree</key>
			<string>&lt;group&gt;</string>
		</dict>
		<key>96DCCB5E1EC75B6A001C3F39</key>
		<dict>
			<key>fileRef</key>
			<string>96DCCB5D1EC75B6A001C3F39</string>
			<key>isa</key>
			<string>PBXBuildFile</string>
		</dict>
		<key>96E255211EC7193900BECD4B</key>
		<dict>
			<key>fileEncoding</key>
			<string>4</string>
			<key>isa</key>
			<string>PBXFileReference</string>
			<key>lastKnownFileType</key>
			<string>sourcecode.c.h</string>
			<key>path</key>
			<string>BaseHttpClient.h</string>
			<key>sourceTree</key>
			<string>&lt;group&gt;</string>
		</dict>
		<key>96E255221EC7193900BECD4B</key>
		<dict>
			<key>fileEncoding</key>
			<string>4</string>
			<key>isa</key>
			<string>PBXFileReference</string>
			<key>lastKnownFileType</key>
			<string>sourcecode.c.objc</string>
			<key>path</key>
			<string>BaseHttpClient.m</string>
			<key>sourceTree</key>
			<string>&lt;group&gt;</string>
		</dict>
		<key>96E255231EC7193900BECD4B</key>
		<dict>
			<key>fileRef</key>
			<string>96E255221EC7193900BECD4B</string>
			<key>isa</key>
			<string>PBXBuildFile</string>
		</dict>
		<key>96E255241EC71A2C00BECD4B</key>
		<dict>
			<key>children</key>
			<array>
				<string>96C6BBC01EC80515000BC138</string>
				<string>96C6BBC11EC80515000BC138</string>
				<string>96C6BBBD1EC804E3000BC138</string>
				<string>96C6BBBE1EC804E3000BC138</string>
				<string>96E255251EC71B0500BECD4B</string>
				<string>96E255261EC71B0500BECD4B</string>
			</array>
			<key>isa</key>
			<string>PBXGroup</string>
			<key>path</key>
			<string>WebService</string>
			<key>sourceTree</key>
			<string>&lt;group&gt;</string>
		</dict>
		<key>96E255251EC71B0500BECD4B</key>
		<dict>
			<key>fileEncoding</key>
			<string>4</string>
			<key>isa</key>
			<string>PBXFileReference</string>
			<key>lastKnownFileType</key>
			<string>sourcecode.c.h</string>
			<key>path</key>
			<string>SendCodeService.h</string>
			<key>sourceTree</key>
			<string>&lt;group&gt;</string>
		</dict>
		<key>96E255261EC71B0500BECD4B</key>
		<dict>
			<key>fileEncoding</key>
			<string>4</string>
			<key>isa</key>
			<string>PBXFileReference</string>
			<key>lastKnownFileType</key>
			<string>sourcecode.c.objc</string>
			<key>path</key>
			<string>SendCodeService.m</string>
			<key>sourceTree</key>
			<string>&lt;group&gt;</string>
		</dict>
		<key>96E255271EC71B0500BECD4B</key>
		<dict>
			<key>fileRef</key>
			<string>96E255261EC71B0500BECD4B</string>
			<key>isa</key>
			<string>PBXBuildFile</string>
		</dict>
		<key>96E3C0AA1EC83493009777EE</key>
		<dict>
			<key>fileEncoding</key>
			<string>4</string>
			<key>isa</key>
			<string>PBXFileReference</string>
			<key>lastKnownFileType</key>
			<string>sourcecode.c.h</string>
			<key>path</key>
			<string>LoginViewController.h</string>
			<key>sourceTree</key>
			<string>&lt;group&gt;</string>
		</dict>
		<key>96E3C0AB1EC83493009777EE</key>
		<dict>
			<key>fileEncoding</key>
			<string>4</string>
			<key>isa</key>
			<string>PBXFileReference</string>
			<key>lastKnownFileType</key>
			<string>sourcecode.c.objc</string>
			<key>path</key>
			<string>LoginViewController.m</string>
			<key>sourceTree</key>
			<string>&lt;group&gt;</string>
		</dict>
		<key>96E3C0AC1EC83493009777EE</key>
		<dict>
			<key>fileRef</key>
			<string>96E3C0AB1EC83493009777EE</string>
			<key>isa</key>
			<string>PBXBuildFile</string>
		</dict>
		<key>96E3C0AD1EC83DDC009777EE</key>
		<dict>
			<key>children</key>
			<array>
				<string>96E3C0AE1EC83DF4009777EE</string>
				<string>96E3C0AF1EC83DF4009777EE</string>
			</array>
			<key>isa</key>
			<string>PBXGroup</string>
			<key>path</key>
			<string>TarBarRoot</string>
			<key>sourceTree</key>
			<string>&lt;group&gt;</string>
		</dict>
		<key>96E3C0AE1EC83DF4009777EE</key>
		<dict>
			<key>fileEncoding</key>
			<string>4</string>
			<key>isa</key>
			<string>PBXFileReference</string>
			<key>lastKnownFileType</key>
			<string>sourcecode.c.h</string>
			<key>path</key>
			<string>LearnViewController.h</string>
			<key>sourceTree</key>
			<string>&lt;group&gt;</string>
		</dict>
		<key>96E3C0AF1EC83DF4009777EE</key>
		<dict>
			<key>fileEncoding</key>
			<string>4</string>
			<key>isa</key>
			<string>PBXFileReference</string>
			<key>lastKnownFileType</key>
			<string>sourcecode.c.objc</string>
			<key>path</key>
			<string>LearnViewController.m</string>
			<key>sourceTree</key>
			<string>&lt;group&gt;</string>
		</dict>
		<key>96E3C0B01EC83DF4009777EE</key>
		<dict>
			<key>fileRef</key>
			<string>96E3C0AF1EC83DF4009777EE</string>
			<key>isa</key>
			<string>PBXBuildFile</string>
		</dict>
		<key>9B5BE0BA48CC9C489DEB9983</key>
		<dict>
			<key>buildActionMask</key>
			<string>2147483647</string>
			<key>files</key>
			<array/>
			<key>inputPaths</key>
			<array/>
			<key>isa</key>
			<string>PBXShellScriptBuildPhase</string>
			<key>name</key>
			<string>[CP] Copy Pods Resources</string>
			<key>outputPaths</key>
			<array/>
			<key>runOnlyForDeploymentPostprocessing</key>
			<string>0</string>
			<key>shellPath</key>
			<string>/bin/sh</string>
			<key>shellScript</key>
			<string>"${SRCROOT}/Pods/Target Support Files/Pods-CPAER/Pods-CPAER-resources.sh"
</string>
			<key>showEnvVarsInLog</key>
			<string>0</string>
		</dict>
		<key>B0E3335E3659251A5EEC0B51</key>
		<dict>
			<key>fileRef</key>
			<string>FF02B227F4CFDFA8F83673D7</string>
			<key>isa</key>
			<string>PBXBuildFile</string>
		</dict>
		<key>BDCC12CC995662164A8A3C92</key>
		<dict>
			<key>includeInIndex</key>
			<string>1</string>
			<key>isa</key>
			<string>PBXFileReference</string>
			<key>lastKnownFileType</key>
			<string>text.xcconfig</string>
			<key>name</key>
			<string>Pods-CPAER.debug.xcconfig</string>
			<key>path</key>
			<string>Pods/Target Support Files/Pods-CPAER/Pods-CPAER.debug.xcconfig</string>
			<key>sourceTree</key>
			<string>&lt;group&gt;</string>
		</dict>
		<key>D8DAD05BB2840D8388E1742D</key>
		<dict>
			<key>children</key>
			<array>
				<string>BDCC12CC995662164A8A3C92</string>
				<string>E16E2CEA6F6FD73FC65A6D59</string>
			</array>
			<key>isa</key>
			<string>PBXGroup</string>
			<key>name</key>
			<string>Pods</string>
			<key>sourceTree</key>
			<string>&lt;group&gt;</string>
		</dict>
		<key>E16E2CEA6F6FD73FC65A6D59</key>
		<dict>
			<key>includeInIndex</key>
			<string>1</string>
			<key>isa</key>
			<string>PBXFileReference</string>
			<key>lastKnownFileType</key>
			<string>text.xcconfig</string>
			<key>name</key>
			<string>Pods-CPAER.release.xcconfig</string>
			<key>path</key>
			<string>Pods/Target Support Files/Pods-CPAER/Pods-CPAER.release.xcconfig</string>
			<key>sourceTree</key>
			<string>&lt;group&gt;</string>
		</dict>
		<key>ED3B1FDA743D39B4ACCCCB7B</key>
		<dict>
			<key>buildActionMask</key>
			<string>2147483647</string>
			<key>files</key>
			<array/>
			<key>inputPaths</key>
			<array/>
			<key>isa</key>
			<string>PBXShellScriptBuildPhase</string>
			<key>name</key>
			<string>[CP] Embed Pods Frameworks</string>
			<key>outputPaths</key>
			<array/>
			<key>runOnlyForDeploymentPostprocessing</key>
			<string>0</string>
			<key>shellPath</key>
			<string>/bin/sh</string>
			<key>shellScript</key>
			<string>"${SRCROOT}/Pods/Target Support Files/Pods-CPAER/Pods-CPAER-frameworks.sh"
</string>
			<key>showEnvVarsInLog</key>
			<string>0</string>
		</dict>
		<key>FF02B227F4CFDFA8F83673D7</key>
		<dict>
			<key>explicitFileType</key>
			<string>archive.ar</string>
			<key>includeInIndex</key>
			<string>0</string>
			<key>isa</key>
			<string>PBXFileReference</string>
			<key>path</key>
			<string>libPods-CPAER.a</string>
			<key>sourceTree</key>
			<string>BUILT_PRODUCTS_DIR</string>
		</dict>
	</dict>
	<key>rootObject</key>
	<string>963BAFD01EBB14C900F74944</string>
</dict>
</plist>
