// !$*UTF8*$!
{
	archiveVersion = 1;
	classes = {
	};
	objectVersion = 46;
	objects = {

/* Begin PBXBuildFile section */
		3936E33D1F05048400E264E9 /* FindPassWordViewController.m in Sources */ = {isa = PBXBuildFile; fileRef = 3936E33C1F05048400E264E9 /* FindPassWordViewController.m */; };
		3936E3401F050DA200E264E9 /* WanShanZiLiaoViewController.m in Sources */ = {isa = PBXBuildFile; fileRef = 3936E33F1F050DA200E264E9 /* WanShanZiLiaoViewController.m */; };
		3936E3431F05131A00E264E9 /* ZhuCeXieYiViewController.m in Sources */ = {isa = PBXBuildFile; fileRef = 3936E3421F05131A00E264E9 /* ZhuCeXieYiViewController.m */; };
		3936E3461F0515D400E264E9 /* BaoKaoDateViewController.m in Sources */ = {isa = PBXBuildFile; fileRef = 3936E3451F0515D400E264E9 /* BaoKaoDateViewController.m */; };
		3936E3491F0515E500E264E9 /* BaoKaoKeMuViewController.m in Sources */ = {isa = PBXBuildFile; fileRef = 3936E3481F0515E500E264E9 /* BaoKaoKeMuViewController.m */; };
		3949ED171F0657B00031E6F6 /* GuanZhuViewController.m in Sources */ = {isa = PBXBuildFile; fileRef = 3949ED161F0657B00031E6F6 /* GuanZhuViewController.m */; };
		395610111F0CBC3D001D645D /* YaoQingHaoYouViewController.m in Sources */ = {isa = PBXBuildFile; fileRef = 395610101F0CBC3D001D645D /* YaoQingHaoYouViewController.m */; };
		39BEB85D1F08918400B802C6 /* LiuYanJiaViewController.m in Sources */ = {isa = PBXBuildFile; fileRef = 39BEB85C1F08918400B802C6 /* LiuYanJiaViewController.m */; };
		39E56A9C1F022A9200430540 /* GeRenCenterViewController.m in Sources */ = {isa = PBXBuildFile; fileRef = 39E56A9B1F022A9200430540 /* GeRenCenterViewController.m */; };
		39E56A9E1F022B1C00430540 /* Assets.xcassets in Resources */ = {isa = PBXBuildFile; fileRef = 39E56A9D1F022B1C00430540 /* Assets.xcassets */; };
		39E56AA11F02335D00430540 /* BaseNavTaBarViewController.m in Sources */ = {isa = PBXBuildFile; fileRef = 39E56AA01F02335D00430540 /* BaseNavTaBarViewController.m */; };
		39E56AB71F026AB400430540 /* CAPSPageMenu.m in Sources */ = {isa = PBXBuildFile; fileRef = 39E56AB61F026AB400430540 /* CAPSPageMenu.m */; };
		39E56ABD1F026F1B00430540 /* GeRenDetailViewController.m in Sources */ = {isa = PBXBuildFile; fileRef = 39E56ABC1F026F1B00430540 /* GeRenDetailViewController.m */; };
		39E56AC61F02747F00430540 /* KuaiJiTableViewController.m in Sources */ = {isa = PBXBuildFile; fileRef = 39E56AC41F02747F00430540 /* KuaiJiTableViewController.m */; };
		39E56AC71F02747F00430540 /* KuaiJiTableViewController.xib in Resources */ = {isa = PBXBuildFile; fileRef = 39E56AC51F02747F00430540 /* KuaiJiTableViewController.xib */; };
		39E56ACB1F02748E00430540 /* ShenJiTableViewController.m in Sources */ = {isa = PBXBuildFile; fileRef = 39E56AC91F02748E00430540 /* ShenJiTableViewController.m */; };
		39E56ACC1F02748E00430540 /* ShenJiTableViewController.xib in Resources */ = {isa = PBXBuildFile; fileRef = 39E56ACA1F02748E00430540 /* ShenJiTableViewController.xib */; };
		39E56AD01F02749E00430540 /* CaiGuanTableViewController.m in Sources */ = {isa = PBXBuildFile; fileRef = 39E56ACE1F02749E00430540 /* CaiGuanTableViewController.m */; };
		39E56AD11F02749E00430540 /* CaiGuanTableViewController.xib in Resources */ = {isa = PBXBuildFile; fileRef = 39E56ACF1F02749E00430540 /* CaiGuanTableViewController.xib */; };
		39E56AD51F0274B300430540 /* ShuiFaTableViewController.m in Sources */ = {isa = PBXBuildFile; fileRef = 39E56AD31F0274B300430540 /* ShuiFaTableViewController.m */; };
		39E56AD61F0274B300430540 /* ShuiFaTableViewController.xib in Resources */ = {isa = PBXBuildFile; fileRef = 39E56AD41F0274B300430540 /* ShuiFaTableViewController.xib */; };
		39E56ADA1F0274C200430540 /* JingJiFaTableViewController.m in Sources */ = {isa = PBXBuildFile; fileRef = 39E56AD81F0274C200430540 /* JingJiFaTableViewController.m */; };
		39E56ADB1F0274C200430540 /* JingJiFaTableViewController.xib in Resources */ = {isa = PBXBuildFile; fileRef = 39E56AD91F0274C200430540 /* JingJiFaTableViewController.xib */; };
		39E56ADF1F02751200430540 /* ZhanLueTableViewController.m in Sources */ = {isa = PBXBuildFile; fileRef = 39E56ADD1F02751200430540 /* ZhanLueTableViewController.m */; };
		39E56AE01F02751200430540 /* ZhanLueTableViewController.xib in Resources */ = {isa = PBXBuildFile; fileRef = 39E56ADE1F02751200430540 /* ZhanLueTableViewController.xib */; };
		9635A3A31EC04EE9005D7405 /* NetWorkManager.m in Sources */ = {isa = PBXBuildFile; fileRef = 9635A3A21EC04EE9005D7405 /* NetWorkManager.m */; };
		9635A3A61EC05C97005D7405 /* UIImage+Category.m in Sources */ = {isa = PBXBuildFile; fileRef = 9635A3A51EC05C97005D7405 /* UIImage+Category.m */; };
		963BAFDD1EBB14C900F74944 /* main.m in Sources */ = {isa = PBXBuildFile; fileRef = 963BAFDC1EBB14C900F74944 /* main.m */; };
		963BAFE61EBB14C900F74944 /* Main.storyboard in Resources */ = {isa = PBXBuildFile; fileRef = 963BAFE41EBB14C900F74944 /* Main.storyboard */; };
		963BAFEB1EBB14C900F74944 /* LaunchScreen.storyboard in Resources */ = {isa = PBXBuildFile; fileRef = 963BAFE91EBB14C900F74944 /* LaunchScreen.storyboard */; };
		963BAFF61EBB14C900F74944 /* CPAERTests.m in Sources */ = {isa = PBXBuildFile; fileRef = 963BAFF51EBB14C900F74944 /* CPAERTests.m */; };
		963BB0011EBB14C900F74944 /* CPAERUITests.m in Sources */ = {isa = PBXBuildFile; fileRef = 963BB0001EBB14C900F74944 /* CPAERUITests.m */; };
		963BB0411EBB1A5400F74944 /* AppDelegate.m in Sources */ = {isa = PBXBuildFile; fileRef = 963BB02A1EBB1A5400F74944 /* AppDelegate.m */; };
		963BB0421EBB1A5400F74944 /* LCTabbar.m in Sources */ = {isa = PBXBuildFile; fileRef = 963BB02F1EBB1A5400F74944 /* LCTabbar.m */; };
		963BB0431EBB1A5400F74944 /* LCTabBarButton.m in Sources */ = {isa = PBXBuildFile; fileRef = 963BB0311EBB1A5400F74944 /* LCTabBarButton.m */; };
		963BB0441EBB1A5400F74944 /* LCTabBarController.m in Sources */ = {isa = PBXBuildFile; fileRef = 963BB0331EBB1A5400F74944 /* LCTabBarController.m */; };
		9667267D1EBF04D200DA85F8 /* RegisterViewController.m in Sources */ = {isa = PBXBuildFile; fileRef = 9667267C1EBF04D200DA85F8 /* RegisterViewController.m */; };
		96C6BBBF1EC804E3000BC138 /* RegisterService.m in Sources */ = {isa = PBXBuildFile; fileRef = 96C6BBBE1EC804E3000BC138 /* RegisterService.m */; };
		96C6BBC21EC80515000BC138 /* LoginService.m in Sources */ = {isa = PBXBuildFile; fileRef = 96C6BBC11EC80515000BC138 /* LoginService.m */; };
		96DCCB5B1EC75B16001C3F39 /* UIViewController+Utils.m in Sources */ = {isa = PBXBuildFile; fileRef = 96DCCB5A1EC75B16001C3F39 /* UIViewController+Utils.m */; };
		96DCCB5E1EC75B6A001C3F39 /* BaseViewController.m in Sources */ = {isa = PBXBuildFile; fileRef = 96DCCB5D1EC75B6A001C3F39 /* BaseViewController.m */; };
		96E255231EC7193900BECD4B /* BaseHttpClient.m in Sources */ = {isa = PBXBuildFile; fileRef = 96E255221EC7193900BECD4B /* BaseHttpClient.m */; };
		96E255271EC71B0500BECD4B /* SendCodeService.m in Sources */ = {isa = PBXBuildFile; fileRef = 96E255261EC71B0500BECD4B /* SendCodeService.m */; };
		96E3C0AC1EC83493009777EE /* LoginViewController.m in Sources */ = {isa = PBXBuildFile; fileRef = 96E3C0AB1EC83493009777EE /* LoginViewController.m */; };
		96E3C0B01EC83DF4009777EE /* LearnViewController.m in Sources */ = {isa = PBXBuildFile; fileRef = 96E3C0AF1EC83DF4009777EE /* LearnViewController.m */; };
		B0E3335E3659251A5EEC0B51 /* libPods-CPAER.a in Frameworks */ = {isa = PBXBuildFile; fileRef = FF02B227F4CFDFA8F83673D7 /* libPods-CPAER.a */; };
		CC21123B1F1467B100A00E51 /* Param.m in Sources */ = {isa = PBXBuildFile; fileRef = CC21123A1F1467B100A00E51 /* Param.m */; };
		CC2112411F1468A000A00E51 /* SystemParamService.m in Sources */ = {isa = PBXBuildFile; fileRef = CC2112401F1468A000A00E51 /* SystemParamService.m */; };
		CC2112441F14780B00A00E51 /* SignInService.m in Sources */ = {isa = PBXBuildFile; fileRef = CC2112431F14780B00A00E51 /* SignInService.m */; };
		CC2112471F14BA4700A00E51 /* HomeDataService.m in Sources */ = {isa = PBXBuildFile; fileRef = CC2112461F14BA4700A00E51 /* HomeDataService.m */; };
		CC21124A1F14D43900A00E51 /* TopicService.m in Sources */ = {isa = PBXBuildFile; fileRef = CC2112491F14D43900A00E51 /* TopicService.m */; };
		CCA4ACB51EF92AEC000EAA4A /* BaseInfo.m in Sources */ = {isa = PBXBuildFile; fileRef = CCA4ACB41EF92AEC000EAA4A /* BaseInfo.m */; };
		CCA4ACB81EFA01EE000EAA4A /* ChangePWService.m in Sources */ = {isa = PBXBuildFile; fileRef = CCA4ACB71EFA01EE000EAA4A /* ChangePWService.m */; };
		CCA4ACBB1EFA0DB8000EAA4A /* ChangeInfoService.m in Sources */ = {isa = PBXBuildFile; fileRef = CCA4ACBA1EFA0DB8000EAA4A /* ChangeInfoService.m */; };
		CCA4ACBE1EFA1D84000EAA4A /* FollowService.m in Sources */ = {isa = PBXBuildFile; fileRef = CCA4ACBD1EFA1D84000EAA4A /* FollowService.m */; };
		CCA4ACC41EFA4790000EAA4A /* Follow.m in Sources */ = {isa = PBXBuildFile; fileRef = CCA4ACC31EFA4790000EAA4A /* Follow.m */; };
		CCA4ACC71EFA4DF2000EAA4A /* Resource.m in Sources */ = {isa = PBXBuildFile; fileRef = CCA4ACC61EFA4DF2000EAA4A /* Resource.m */; };
		CCA4ACCA1EFA57C2000EAA4A /* ResourceService.m in Sources */ = {isa = PBXBuildFile; fileRef = CCA4ACC91EFA57C2000EAA4A /* ResourceService.m */; };
		CCA4ACCD1EFA61D6000EAA4A /* Download.m in Sources */ = {isa = PBXBuildFile; fileRef = CCA4ACCC1EFA61D6000EAA4A /* Download.m */; };
		CCA4ACD31EFA688B000EAA4A /* CollectService.m in Sources */ = {isa = PBXBuildFile; fileRef = CCA4ACD21EFA688B000EAA4A /* CollectService.m */; };
		CCA4ACD61EFA6E71000EAA4A /* Collect.m in Sources */ = {isa = PBXBuildFile; fileRef = CCA4ACD51EFA6E71000EAA4A /* Collect.m */; };
		CCD081DB1EFB4F4C00080629 /* UserIdHttpClicent.m in Sources */ = {isa = PBXBuildFile; fileRef = CCD081DA1EFB4F4C00080629 /* UserIdHttpClicent.m */; };
		CCD081DE1EFB97F400080629 /* QuestionService.m in Sources */ = {isa = PBXBuildFile; fileRef = CCD081DD1EFB97F400080629 /* QuestionService.m */; };
		CCD081E11EFB9F0C00080629 /* Question.m in Sources */ = {isa = PBXBuildFile; fileRef = CCD081E01EFB9F0C00080629 /* Question.m */; };
		CCD081E41EFB9F7400080629 /* Answer.m in Sources */ = {isa = PBXBuildFile; fileRef = CCD081E31EFB9F7400080629 /* Answer.m */; };
		CCD081E71EFBA4B000080629 /* Personal.m in Sources */ = {isa = PBXBuildFile; fileRef = CCD081E61EFBA4B000080629 /* Personal.m */; };
		CCD081EA1EFBA61D00080629 /* PersonalSerivce.m in Sources */ = {isa = PBXBuildFile; fileRef = CCD081E91EFBA61D00080629 /* PersonalSerivce.m */; };
		CCD081ED1EFBAE3C00080629 /* Transaction.m in Sources */ = {isa = PBXBuildFile; fileRef = CCD081EC1EFBAE3C00080629 /* Transaction.m */; };
		CCD081F01EFBB13900080629 /* Province.m in Sources */ = {isa = PBXBuildFile; fileRef = CCD081EF1EFBB13900080629 /* Province.m */; };
		CCD081F31EFBB1FF00080629 /* TransactionService.m in Sources */ = {isa = PBXBuildFile; fileRef = CCD081F21EFBB1FF00080629 /* TransactionService.m */; };
		CCD081F61EFBB43100080629 /* ProvinceService.m in Sources */ = {isa = PBXBuildFile; fileRef = CCD081F51EFBB43100080629 /* ProvinceService.m */; };
		CCED79571F1770EE00E13C88 /* UserSubjectService.m in Sources */ = {isa = PBXBuildFile; fileRef = CCED79561F1770EE00E13C88 /* UserSubjectService.m */; };
		CCED795A1F1778BF00E13C88 /* ExamService.m in Sources */ = {isa = PBXBuildFile; fileRef = CCED79591F1778BF00E13C88 /* ExamService.m */; };
/* End PBXBuildFile section */

/* Begin PBXContainerItemProxy section */
		963BAFF21EBB14C900F74944 /* PBXContainerItemProxy */ = {
			isa = PBXContainerItemProxy;
			containerPortal = 963BAFD01EBB14C900F74944 /* Project object */;
			proxyType = 1;
			remoteGlobalIDString = 963BAFD71EBB14C900F74944;
			remoteInfo = CPAER;
		};
		963BAFFD1EBB14C900F74944 /* PBXContainerItemProxy */ = {
			isa = PBXContainerItemProxy;
			containerPortal = 963BAFD01EBB14C900F74944 /* Project object */;
			proxyType = 1;
			remoteGlobalIDString = 963BAFD71EBB14C900F74944;
			remoteInfo = CPAER;
		};
/* End PBXContainerItemProxy section */

/* Begin PBXFileReference section */
		3936E33B1F05048400E264E9 /* FindPassWordViewController.h */ = {isa = PBXFileReference; fileEncoding = 4; lastKnownFileType = sourcecode.c.h; path = FindPassWordViewController.h; sourceTree = "<group>"; };
		3936E33C1F05048400E264E9 /* FindPassWordViewController.m */ = {isa = PBXFileReference; fileEncoding = 4; lastKnownFileType = sourcecode.c.objc; path = FindPassWordViewController.m; sourceTree = "<group>"; };
		3936E33E1F050DA200E264E9 /* WanShanZiLiaoViewController.h */ = {isa = PBXFileReference; fileEncoding = 4; lastKnownFileType = sourcecode.c.h; path = WanShanZiLiaoViewController.h; sourceTree = "<group>"; };
		3936E33F1F050DA200E264E9 /* WanShanZiLiaoViewController.m */ = {isa = PBXFileReference; fileEncoding = 4; lastKnownFileType = sourcecode.c.objc; path = WanShanZiLiaoViewController.m; sourceTree = "<group>"; };
		3936E3411F05131A00E264E9 /* ZhuCeXieYiViewController.h */ = {isa = PBXFileReference; fileEncoding = 4; lastKnownFileType = sourcecode.c.h; path = ZhuCeXieYiViewController.h; sourceTree = "<group>"; };
		3936E3421F05131A00E264E9 /* ZhuCeXieYiViewController.m */ = {isa = PBXFileReference; fileEncoding = 4; lastKnownFileType = sourcecode.c.objc; path = ZhuCeXieYiViewController.m; sourceTree = "<group>"; };
		3936E3441F0515D400E264E9 /* BaoKaoDateViewController.h */ = {isa = PBXFileReference; fileEncoding = 4; lastKnownFileType = sourcecode.c.h; path = BaoKaoDateViewController.h; sourceTree = "<group>"; };
		3936E3451F0515D400E264E9 /* BaoKaoDateViewController.m */ = {isa = PBXFileReference; fileEncoding = 4; lastKnownFileType = sourcecode.c.objc; path = BaoKaoDateViewController.m; sourceTree = "<group>"; };
		3936E3471F0515E500E264E9 /* BaoKaoKeMuViewController.h */ = {isa = PBXFileReference; fileEncoding = 4; lastKnownFileType = sourcecode.c.h; path = BaoKaoKeMuViewController.h; sourceTree = "<group>"; };
		3936E3481F0515E500E264E9 /* BaoKaoKeMuViewController.m */ = {isa = PBXFileReference; fileEncoding = 4; lastKnownFileType = sourcecode.c.objc; path = BaoKaoKeMuViewController.m; sourceTree = "<group>"; };
		3949ED151F0657B00031E6F6 /* GuanZhuViewController.h */ = {isa = PBXFileReference; fileEncoding = 4; lastKnownFileType = sourcecode.c.h; path = GuanZhuViewController.h; sourceTree = "<group>"; };
		3949ED161F0657B00031E6F6 /* GuanZhuViewController.m */ = {isa = PBXFileReference; fileEncoding = 4; lastKnownFileType = sourcecode.c.objc; path = GuanZhuViewController.m; sourceTree = "<group>"; };
		3956100F1F0CBC3D001D645D /* YaoQingHaoYouViewController.h */ = {isa = PBXFileReference; fileEncoding = 4; lastKnownFileType = sourcecode.c.h; path = YaoQingHaoYouViewController.h; sourceTree = "<group>"; };
		395610101F0CBC3D001D645D /* YaoQingHaoYouViewController.m */ = {isa = PBXFileReference; fileEncoding = 4; lastKnownFileType = sourcecode.c.objc; path = YaoQingHaoYouViewController.m; sourceTree = "<group>"; };
		39BEB85B1F08918400B802C6 /* LiuYanJiaViewController.h */ = {isa = PBXFileReference; fileEncoding = 4; lastKnownFileType = sourcecode.c.h; path = LiuYanJiaViewController.h; sourceTree = "<group>"; };
		39BEB85C1F08918400B802C6 /* LiuYanJiaViewController.m */ = {isa = PBXFileReference; fileEncoding = 4; lastKnownFileType = sourcecode.c.objc; path = LiuYanJiaViewController.m; sourceTree = "<group>"; };
		39E56A9A1F022A9200430540 /* GeRenCenterViewController.h */ = {isa = PBXFileReference; fileEncoding = 4; lastKnownFileType = sourcecode.c.h; path = GeRenCenterViewController.h; sourceTree = "<group>"; };
		39E56A9B1F022A9200430540 /* GeRenCenterViewController.m */ = {isa = PBXFileReference; fileEncoding = 4; lastKnownFileType = sourcecode.c.objc; path = GeRenCenterViewController.m; sourceTree = "<group>"; };
		39E56A9D1F022B1C00430540 /* Assets.xcassets */ = {isa = PBXFileReference; lastKnownFileType = folder.assetcatalog; path = Assets.xcassets; sourceTree = "<group>"; };
		39E56A9F1F02335D00430540 /* BaseNavTaBarViewController.h */ = {isa = PBXFileReference; fileEncoding = 4; lastKnownFileType = sourcecode.c.h; path = BaseNavTaBarViewController.h; sourceTree = "<group>"; };
		39E56AA01F02335D00430540 /* BaseNavTaBarViewController.m */ = {isa = PBXFileReference; fileEncoding = 4; lastKnownFileType = sourcecode.c.objc; path = BaseNavTaBarViewController.m; sourceTree = "<group>"; };
		39E56AB51F026AB400430540 /* CAPSPageMenu.h */ = {isa = PBXFileReference; fileEncoding = 4; lastKnownFileType = sourcecode.c.h; path = CAPSPageMenu.h; sourceTree = "<group>"; };
		39E56AB61F026AB400430540 /* CAPSPageMenu.m */ = {isa = PBXFileReference; fileEncoding = 4; lastKnownFileType = sourcecode.c.objc; path = CAPSPageMenu.m; sourceTree = "<group>"; };
		39E56ABB1F026F1B00430540 /* GeRenDetailViewController.h */ = {isa = PBXFileReference; fileEncoding = 4; lastKnownFileType = sourcecode.c.h; path = GeRenDetailViewController.h; sourceTree = "<group>"; };
		39E56ABC1F026F1B00430540 /* GeRenDetailViewController.m */ = {isa = PBXFileReference; fileEncoding = 4; lastKnownFileType = sourcecode.c.objc; path = GeRenDetailViewController.m; sourceTree = "<group>"; };
		39E56AC31F02747F00430540 /* KuaiJiTableViewController.h */ = {isa = PBXFileReference; fileEncoding = 4; lastKnownFileType = sourcecode.c.h; path = KuaiJiTableViewController.h; sourceTree = "<group>"; };
		39E56AC41F02747F00430540 /* KuaiJiTableViewController.m */ = {isa = PBXFileReference; fileEncoding = 4; lastKnownFileType = sourcecode.c.objc; path = KuaiJiTableViewController.m; sourceTree = "<group>"; };
		39E56AC51F02747F00430540 /* KuaiJiTableViewController.xib */ = {isa = PBXFileReference; fileEncoding = 4; lastKnownFileType = file.xib; path = KuaiJiTableViewController.xib; sourceTree = "<group>"; };
		39E56AC81F02748E00430540 /* ShenJiTableViewController.h */ = {isa = PBXFileReference; fileEncoding = 4; lastKnownFileType = sourcecode.c.h; path = ShenJiTableViewController.h; sourceTree = "<group>"; };
		39E56AC91F02748E00430540 /* ShenJiTableViewController.m */ = {isa = PBXFileReference; fileEncoding = 4; lastKnownFileType = sourcecode.c.objc; path = ShenJiTableViewController.m; sourceTree = "<group>"; };
		39E56ACA1F02748E00430540 /* ShenJiTableViewController.xib */ = {isa = PBXFileReference; fileEncoding = 4; lastKnownFileType = file.xib; path = ShenJiTableViewController.xib; sourceTree = "<group>"; };
		39E56ACD1F02749E00430540 /* CaiGuanTableViewController.h */ = {isa = PBXFileReference; fileEncoding = 4; lastKnownFileType = sourcecode.c.h; path = CaiGuanTableViewController.h; sourceTree = "<group>"; };
		39E56ACE1F02749E00430540 /* CaiGuanTableViewController.m */ = {isa = PBXFileReference; fileEncoding = 4; lastKnownFileType = sourcecode.c.objc; path = CaiGuanTableViewController.m; sourceTree = "<group>"; };
		39E56ACF1F02749E00430540 /* CaiGuanTableViewController.xib */ = {isa = PBXFileReference; fileEncoding = 4; lastKnownFileType = file.xib; path = CaiGuanTableViewController.xib; sourceTree = "<group>"; };
		39E56AD21F0274B300430540 /* ShuiFaTableViewController.h */ = {isa = PBXFileReference; fileEncoding = 4; lastKnownFileType = sourcecode.c.h; path = ShuiFaTableViewController.h; sourceTree = "<group>"; };
		39E56AD31F0274B300430540 /* ShuiFaTableViewController.m */ = {isa = PBXFileReference; fileEncoding = 4; lastKnownFileType = sourcecode.c.objc; path = ShuiFaTableViewController.m; sourceTree = "<group>"; };
		39E56AD41F0274B300430540 /* ShuiFaTableViewController.xib */ = {isa = PBXFileReference; fileEncoding = 4; lastKnownFileType = file.xib; path = ShuiFaTableViewController.xib; sourceTree = "<group>"; };
		39E56AD71F0274C200430540 /* JingJiFaTableViewController.h */ = {isa = PBXFileReference; fileEncoding = 4; lastKnownFileType = sourcecode.c.h; path = JingJiFaTableViewController.h; sourceTree = "<group>"; };
		39E56AD81F0274C200430540 /* JingJiFaTableViewController.m */ = {isa = PBXFileReference; fileEncoding = 4; lastKnownFileType = sourcecode.c.objc; path = JingJiFaTableViewController.m; sourceTree = "<group>"; };
		39E56AD91F0274C200430540 /* JingJiFaTableViewController.xib */ = {isa = PBXFileReference; fileEncoding = 4; lastKnownFileType = file.xib; path = JingJiFaTableViewController.xib; sourceTree = "<group>"; };
		39E56ADC1F02751200430540 /* ZhanLueTableViewController.h */ = {isa = PBXFileReference; fileEncoding = 4; lastKnownFileType = sourcecode.c.h; path = ZhanLueTableViewController.h; sourceTree = "<group>"; };
		39E56ADD1F02751200430540 /* ZhanLueTableViewController.m */ = {isa = PBXFileReference; fileEncoding = 4; lastKnownFileType = sourcecode.c.objc; path = ZhanLueTableViewController.m; sourceTree = "<group>"; };
		39E56ADE1F02751200430540 /* ZhanLueTableViewController.xib */ = {isa = PBXFileReference; fileEncoding = 4; lastKnownFileType = file.xib; path = ZhanLueTableViewController.xib; sourceTree = "<group>"; };
		9635A3A11EC04EE9005D7405 /* NetWorkManager.h */ = {isa = PBXFileReference; fileEncoding = 4; lastKnownFileType = sourcecode.c.h; path = NetWorkManager.h; sourceTree = "<group>"; };
		9635A3A21EC04EE9005D7405 /* NetWorkManager.m */ = {isa = PBXFileReference; fileEncoding = 4; lastKnownFileType = sourcecode.c.objc; path = NetWorkManager.m; sourceTree = "<group>"; };
		9635A3A41EC05C97005D7405 /* UIImage+Category.h */ = {isa = PBXFileReference; fileEncoding = 4; lastKnownFileType = sourcecode.c.h; path = "UIImage+Category.h"; sourceTree = "<group>"; };
		9635A3A51EC05C97005D7405 /* UIImage+Category.m */ = {isa = PBXFileReference; fileEncoding = 4; lastKnownFileType = sourcecode.c.objc; path = "UIImage+Category.m"; sourceTree = "<group>"; };
		963BAFD81EBB14C900F74944 /* CPAER.app */ = {isa = PBXFileReference; explicitFileType = wrapper.application; includeInIndex = 0; path = CPAER.app; sourceTree = BUILT_PRODUCTS_DIR; };
		963BAFDC1EBB14C900F74944 /* main.m */ = {isa = PBXFileReference; lastKnownFileType = sourcecode.c.objc; path = main.m; sourceTree = "<group>"; };
		963BAFE51EBB14C900F74944 /* Base */ = {isa = PBXFileReference; lastKnownFileType = file.storyboard; name = Base; path = Base.lproj/Main.storyboard; sourceTree = "<group>"; };
		963BAFEA1EBB14C900F74944 /* Base */ = {isa = PBXFileReference; lastKnownFileType = file.storyboard; name = Base; path = Base.lproj/LaunchScreen.storyboard; sourceTree = "<group>"; };
		963BAFEC1EBB14C900F74944 /* Info.plist */ = {isa = PBXFileReference; lastKnownFileType = text.plist.xml; path = Info.plist; sourceTree = "<group>"; };
		963BAFF11EBB14C900F74944 /* CPAERTests.xctest */ = {isa = PBXFileReference; explicitFileType = wrapper.cfbundle; includeInIndex = 0; path = CPAERTests.xctest; sourceTree = BUILT_PRODUCTS_DIR; };
		963BAFF51EBB14C900F74944 /* CPAERTests.m */ = {isa = PBXFileReference; lastKnownFileType = sourcecode.c.objc; path = CPAERTests.m; sourceTree = "<group>"; };
		963BAFF71EBB14C900F74944 /* Info.plist */ = {isa = PBXFileReference; lastKnownFileType = text.plist.xml; path = Info.plist; sourceTree = "<group>"; };
		963BAFFC1EBB14C900F74944 /* CPAERUITests.xctest */ = {isa = PBXFileReference; explicitFileType = wrapper.cfbundle; includeInIndex = 0; path = CPAERUITests.xctest; sourceTree = BUILT_PRODUCTS_DIR; };
		963BB0001EBB14C900F74944 /* CPAERUITests.m */ = {isa = PBXFileReference; lastKnownFileType = sourcecode.c.objc; path = CPAERUITests.m; sourceTree = "<group>"; };
		963BB0021EBB14C900F74944 /* Info.plist */ = {isa = PBXFileReference; lastKnownFileType = text.plist.xml; path = Info.plist; sourceTree = "<group>"; };
		963BB0291EBB1A5400F74944 /* AppDelegate.h */ = {isa = PBXFileReference; fileEncoding = 4; lastKnownFileType = sourcecode.c.h; path = AppDelegate.h; sourceTree = "<group>"; };
		963BB02A1EBB1A5400F74944 /* AppDelegate.m */ = {isa = PBXFileReference; fileEncoding = 4; lastKnownFileType = sourcecode.c.objc; path = AppDelegate.m; sourceTree = "<group>"; };
		963BB02E1EBB1A5400F74944 /* LCTabbar.h */ = {isa = PBXFileReference; fileEncoding = 4; lastKnownFileType = sourcecode.c.h; path = LCTabbar.h; sourceTree = "<group>"; };
		963BB02F1EBB1A5400F74944 /* LCTabbar.m */ = {isa = PBXFileReference; fileEncoding = 4; lastKnownFileType = sourcecode.c.objc; path = LCTabbar.m; sourceTree = "<group>"; };
		963BB0301EBB1A5400F74944 /* LCTabBarButton.h */ = {isa = PBXFileReference; fileEncoding = 4; lastKnownFileType = sourcecode.c.h; path = LCTabBarButton.h; sourceTree = "<group>"; };
		963BB0311EBB1A5400F74944 /* LCTabBarButton.m */ = {isa = PBXFileReference; fileEncoding = 4; lastKnownFileType = sourcecode.c.objc; path = LCTabBarButton.m; sourceTree = "<group>"; };
		963BB0321EBB1A5400F74944 /* LCTabBarController.h */ = {isa = PBXFileReference; fileEncoding = 4; lastKnownFileType = sourcecode.c.h; path = LCTabBarController.h; sourceTree = "<group>"; };
		963BB0331EBB1A5400F74944 /* LCTabBarController.m */ = {isa = PBXFileReference; fileEncoding = 4; lastKnownFileType = sourcecode.c.objc; path = LCTabBarController.m; sourceTree = "<group>"; };
		963BB03A1EBB1A5400F74944 /* APPHeader.h */ = {isa = PBXFileReference; fileEncoding = 4; lastKnownFileType = sourcecode.c.h; path = APPHeader.h; sourceTree = "<group>"; };
		963BB03B1EBB1A5400F74944 /* IMPHeader.h */ = {isa = PBXFileReference; fileEncoding = 4; lastKnownFileType = sourcecode.c.h; path = IMPHeader.h; sourceTree = "<group>"; };
		963BB03C1EBB1A5400F74944 /* KEYHeader.h */ = {isa = PBXFileReference; fileEncoding = 4; lastKnownFileType = sourcecode.c.h; path = KEYHeader.h; sourceTree = "<group>"; };
		963BB03E1EBB1A5400F74944 /* URLHeader.h */ = {isa = PBXFileReference; fileEncoding = 4; lastKnownFileType = sourcecode.c.h; path = URLHeader.h; sourceTree = "<group>"; };
		9667267B1EBF04D200DA85F8 /* RegisterViewController.h */ = {isa = PBXFileReference; fileEncoding = 4; lastKnownFileType = sourcecode.c.h; path = RegisterViewController.h; sourceTree = "<group>"; };
		9667267C1EBF04D200DA85F8 /* RegisterViewController.m */ = {isa = PBXFileReference; fileEncoding = 4; lastKnownFileType = sourcecode.c.objc; path = RegisterViewController.m; sourceTree = "<group>"; };
		969CCDEA1EC0721200A74580 /* PrefixHeader.pch */ = {isa = PBXFileReference; fileEncoding = 4; lastKnownFileType = sourcecode.c.h; path = PrefixHeader.pch; sourceTree = "<group>"; };
		96C6BBBD1EC804E3000BC138 /* RegisterService.h */ = {isa = PBXFileReference; fileEncoding = 4; lastKnownFileType = sourcecode.c.h; path = RegisterService.h; sourceTree = "<group>"; };
		96C6BBBE1EC804E3000BC138 /* RegisterService.m */ = {isa = PBXFileReference; fileEncoding = 4; lastKnownFileType = sourcecode.c.objc; path = RegisterService.m; sourceTree = "<group>"; };
		96C6BBC01EC80515000BC138 /* LoginService.h */ = {isa = PBXFileReference; fileEncoding = 4; lastKnownFileType = sourcecode.c.h; path = LoginService.h; sourceTree = "<group>"; };
		96C6BBC11EC80515000BC138 /* LoginService.m */ = {isa = PBXFileReference; fileEncoding = 4; lastKnownFileType = sourcecode.c.objc; path = LoginService.m; sourceTree = "<group>"; };
		96DCCB591EC75B16001C3F39 /* UIViewController+Utils.h */ = {isa = PBXFileReference; fileEncoding = 4; lastKnownFileType = sourcecode.c.h; path = "UIViewController+Utils.h"; sourceTree = "<group>"; };
		96DCCB5A1EC75B16001C3F39 /* UIViewController+Utils.m */ = {isa = PBXFileReference; fileEncoding = 4; lastKnownFileType = sourcecode.c.objc; path = "UIViewController+Utils.m"; sourceTree = "<group>"; };
		96DCCB5C1EC75B6A001C3F39 /* BaseViewController.h */ = {isa = PBXFileReference; fileEncoding = 4; lastKnownFileType = sourcecode.c.h; path = BaseViewController.h; sourceTree = "<group>"; };
		96DCCB5D1EC75B6A001C3F39 /* BaseViewController.m */ = {isa = PBXFileReference; fileEncoding = 4; lastKnownFileType = sourcecode.c.objc; path = BaseViewController.m; sourceTree = "<group>"; };
		96E255211EC7193900BECD4B /* BaseHttpClient.h */ = {isa = PBXFileReference; fileEncoding = 4; lastKnownFileType = sourcecode.c.h; path = BaseHttpClient.h; sourceTree = "<group>"; };
		96E255221EC7193900BECD4B /* BaseHttpClient.m */ = {isa = PBXFileReference; fileEncoding = 4; lastKnownFileType = sourcecode.c.objc; path = BaseHttpClient.m; sourceTree = "<group>"; };
		96E255251EC71B0500BECD4B /* SendCodeService.h */ = {isa = PBXFileReference; fileEncoding = 4; lastKnownFileType = sourcecode.c.h; path = SendCodeService.h; sourceTree = "<group>"; };
		96E255261EC71B0500BECD4B /* SendCodeService.m */ = {isa = PBXFileReference; fileEncoding = 4; lastKnownFileType = sourcecode.c.objc; path = SendCodeService.m; sourceTree = "<group>"; };
		96E3C0AA1EC83493009777EE /* LoginViewController.h */ = {isa = PBXFileReference; fileEncoding = 4; lastKnownFileType = sourcecode.c.h; path = LoginViewController.h; sourceTree = "<group>"; };
		96E3C0AB1EC83493009777EE /* LoginViewController.m */ = {isa = PBXFileReference; fileEncoding = 4; lastKnownFileType = sourcecode.c.objc; path = LoginViewController.m; sourceTree = "<group>"; };
		96E3C0AE1EC83DF4009777EE /* LearnViewController.h */ = {isa = PBXFileReference; fileEncoding = 4; lastKnownFileType = sourcecode.c.h; path = LearnViewController.h; sourceTree = "<group>"; };
		96E3C0AF1EC83DF4009777EE /* LearnViewController.m */ = {isa = PBXFileReference; fileEncoding = 4; lastKnownFileType = sourcecode.c.objc; path = LearnViewController.m; sourceTree = "<group>"; };
		BDCC12CC995662164A8A3C92 /* Pods-CPAER.debug.xcconfig */ = {isa = PBXFileReference; includeInIndex = 1; lastKnownFileType = text.xcconfig; name = "Pods-CPAER.debug.xcconfig"; path = "Pods/Target Support Files/Pods-CPAER/Pods-CPAER.debug.xcconfig"; sourceTree = "<group>"; };
		CC2112391F1467B100A00E51 /* Param.h */ = {isa = PBXFileReference; fileEncoding = 4; lastKnownFileType = sourcecode.c.h; path = Param.h; sourceTree = "<group>"; };
		CC21123A1F1467B100A00E51 /* Param.m */ = {isa = PBXFileReference; fileEncoding = 4; lastKnownFileType = sourcecode.c.objc; path = Param.m; sourceTree = "<group>"; };
		CC21123F1F1468A000A00E51 /* SystemParamService.h */ = {isa = PBXFileReference; fileEncoding = 4; lastKnownFileType = sourcecode.c.h; path = SystemParamService.h; sourceTree = "<group>"; };
		CC2112401F1468A000A00E51 /* SystemParamService.m */ = {isa = PBXFileReference; fileEncoding = 4; lastKnownFileType = sourcecode.c.objc; path = SystemParamService.m; sourceTree = "<group>"; };
		CC2112421F14780B00A00E51 /* SignInService.h */ = {isa = PBXFileReference; fileEncoding = 4; lastKnownFileType = sourcecode.c.h; path = SignInService.h; sourceTree = "<group>"; };
		CC2112431F14780B00A00E51 /* SignInService.m */ = {isa = PBXFileReference; fileEncoding = 4; lastKnownFileType = sourcecode.c.objc; path = SignInService.m; sourceTree = "<group>"; };
		CC2112451F14BA4700A00E51 /* HomeDataService.h */ = {isa = PBXFileReference; fileEncoding = 4; lastKnownFileType = sourcecode.c.h; path = HomeDataService.h; sourceTree = "<group>"; };
		CC2112461F14BA4700A00E51 /* HomeDataService.m */ = {isa = PBXFileReference; fileEncoding = 4; lastKnownFileType = sourcecode.c.objc; path = HomeDataService.m; sourceTree = "<group>"; };
		CC2112481F14D43900A00E51 /* TopicService.h */ = {isa = PBXFileReference; fileEncoding = 4; lastKnownFileType = sourcecode.c.h; path = TopicService.h; sourceTree = "<group>"; };
		CC2112491F14D43900A00E51 /* TopicService.m */ = {isa = PBXFileReference; fileEncoding = 4; lastKnownFileType = sourcecode.c.objc; path = TopicService.m; sourceTree = "<group>"; };
		CCA4ACB31EF92AEC000EAA4A /* BaseInfo.h */ = {isa = PBXFileReference; fileEncoding = 4; lastKnownFileType = sourcecode.c.h; path = BaseInfo.h; sourceTree = "<group>"; };
		CCA4ACB41EF92AEC000EAA4A /* BaseInfo.m */ = {isa = PBXFileReference; fileEncoding = 4; lastKnownFileType = sourcecode.c.objc; path = BaseInfo.m; sourceTree = "<group>"; };
		CCA4ACB61EFA01EE000EAA4A /* ChangePWService.h */ = {isa = PBXFileReference; fileEncoding = 4; lastKnownFileType = sourcecode.c.h; path = ChangePWService.h; sourceTree = "<group>"; };
		CCA4ACB71EFA01EE000EAA4A /* ChangePWService.m */ = {isa = PBXFileReference; fileEncoding = 4; lastKnownFileType = sourcecode.c.objc; path = ChangePWService.m; sourceTree = "<group>"; };
		CCA4ACB91EFA0DB8000EAA4A /* ChangeInfoService.h */ = {isa = PBXFileReference; fileEncoding = 4; lastKnownFileType = sourcecode.c.h; path = ChangeInfoService.h; sourceTree = "<group>"; };
		CCA4ACBA1EFA0DB8000EAA4A /* ChangeInfoService.m */ = {isa = PBXFileReference; fileEncoding = 4; lastKnownFileType = sourcecode.c.objc; path = ChangeInfoService.m; sourceTree = "<group>"; };
		CCA4ACBC1EFA1D84000EAA4A /* FollowService.h */ = {isa = PBXFileReference; fileEncoding = 4; lastKnownFileType = sourcecode.c.h; path = FollowService.h; sourceTree = "<group>"; };
		CCA4ACBD1EFA1D84000EAA4A /* FollowService.m */ = {isa = PBXFileReference; fileEncoding = 4; lastKnownFileType = sourcecode.c.objc; path = FollowService.m; sourceTree = "<group>"; };
		CCA4ACC21EFA4790000EAA4A /* Follow.h */ = {isa = PBXFileReference; fileEncoding = 4; lastKnownFileType = sourcecode.c.h; path = Follow.h; sourceTree = "<group>"; };
		CCA4ACC31EFA4790000EAA4A /* Follow.m */ = {isa = PBXFileReference; fileEncoding = 4; lastKnownFileType = sourcecode.c.objc; path = Follow.m; sourceTree = "<group>"; };
		CCA4ACC51EFA4DF2000EAA4A /* Resource.h */ = {isa = PBXFileReference; fileEncoding = 4; lastKnownFileType = sourcecode.c.h; path = Resource.h; sourceTree = "<group>"; };
		CCA4ACC61EFA4DF2000EAA4A /* Resource.m */ = {isa = PBXFileReference; fileEncoding = 4; lastKnownFileType = sourcecode.c.objc; path = Resource.m; sourceTree = "<group>"; };
		CCA4ACC81EFA57C2000EAA4A /* ResourceService.h */ = {isa = PBXFileReference; fileEncoding = 4; lastKnownFileType = sourcecode.c.h; path = ResourceService.h; sourceTree = "<group>"; };
		CCA4ACC91EFA57C2000EAA4A /* ResourceService.m */ = {isa = PBXFileReference; fileEncoding = 4; lastKnownFileType = sourcecode.c.objc; path = ResourceService.m; sourceTree = "<group>"; };
		CCA4ACCB1EFA61D6000EAA4A /* Download.h */ = {isa = PBXFileReference; fileEncoding = 4; lastKnownFileType = sourcecode.c.h; path = Download.h; sourceTree = "<group>"; };
		CCA4ACCC1EFA61D6000EAA4A /* Download.m */ = {isa = PBXFileReference; fileEncoding = 4; lastKnownFileType = sourcecode.c.objc; path = Download.m; sourceTree = "<group>"; };
		CCA4ACD11EFA688B000EAA4A /* CollectService.h */ = {isa = PBXFileReference; fileEncoding = 4; lastKnownFileType = sourcecode.c.h; path = CollectService.h; sourceTree = "<group>"; };
		CCA4ACD21EFA688B000EAA4A /* CollectService.m */ = {isa = PBXFileReference; fileEncoding = 4; lastKnownFileType = sourcecode.c.objc; path = CollectService.m; sourceTree = "<group>"; };
		CCA4ACD41EFA6E71000EAA4A /* Collect.h */ = {isa = PBXFileReference; fileEncoding = 4; lastKnownFileType = sourcecode.c.h; path = Collect.h; sourceTree = "<group>"; };
		CCA4ACD51EFA6E71000EAA4A /* Collect.m */ = {isa = PBXFileReference; fileEncoding = 4; lastKnownFileType = sourcecode.c.objc; path = Collect.m; sourceTree = "<group>"; };
		CCD081D91EFB4F4C00080629 /* UserIdHttpClicent.h */ = {isa = PBXFileReference; fileEncoding = 4; lastKnownFileType = sourcecode.c.h; path = UserIdHttpClicent.h; sourceTree = "<group>"; };
		CCD081DA1EFB4F4C00080629 /* UserIdHttpClicent.m */ = {isa = PBXFileReference; fileEncoding = 4; lastKnownFileType = sourcecode.c.objc; path = UserIdHttpClicent.m; sourceTree = "<group>"; };
		CCD081DC1EFB97F400080629 /* QuestionService.h */ = {isa = PBXFileReference; fileEncoding = 4; lastKnownFileType = sourcecode.c.h; path = QuestionService.h; sourceTree = "<group>"; };
		CCD081DD1EFB97F400080629 /* QuestionService.m */ = {isa = PBXFileReference; fileEncoding = 4; lastKnownFileType = sourcecode.c.objc; path = QuestionService.m; sourceTree = "<group>"; };
		CCD081DF1EFB9F0C00080629 /* Question.h */ = {isa = PBXFileReference; fileEncoding = 4; lastKnownFileType = sourcecode.c.h; path = Question.h; sourceTree = "<group>"; };
		CCD081E01EFB9F0C00080629 /* Question.m */ = {isa = PBXFileReference; fileEncoding = 4; lastKnownFileType = sourcecode.c.objc; path = Question.m; sourceTree = "<group>"; };
		CCD081E21EFB9F7400080629 /* Answer.h */ = {isa = PBXFileReference; fileEncoding = 4; lastKnownFileType = sourcecode.c.h; path = Answer.h; sourceTree = "<group>"; };
		CCD081E31EFB9F7400080629 /* Answer.m */ = {isa = PBXFileReference; fileEncoding = 4; lastKnownFileType = sourcecode.c.objc; path = Answer.m; sourceTree = "<group>"; };
		CCD081E51EFBA4B000080629 /* Personal.h */ = {isa = PBXFileReference; fileEncoding = 4; lastKnownFileType = sourcecode.c.h; path = Personal.h; sourceTree = "<group>"; };
		CCD081E61EFBA4B000080629 /* Personal.m */ = {isa = PBXFileReference; fileEncoding = 4; lastKnownFileType = sourcecode.c.objc; path = Personal.m; sourceTree = "<group>"; };
		CCD081E81EFBA61D00080629 /* PersonalSerivce.h */ = {isa = PBXFileReference; fileEncoding = 4; lastKnownFileType = sourcecode.c.h; path = PersonalSerivce.h; sourceTree = "<group>"; };
		CCD081E91EFBA61D00080629 /* PersonalSerivce.m */ = {isa = PBXFileReference; fileEncoding = 4; lastKnownFileType = sourcecode.c.objc; path = PersonalSerivce.m; sourceTree = "<group>"; };
		CCD081EB1EFBAE3C00080629 /* Transaction.h */ = {isa = PBXFileReference; fileEncoding = 4; lastKnownFileType = sourcecode.c.h; path = Transaction.h; sourceTree = "<group>"; };
		CCD081EC1EFBAE3C00080629 /* Transaction.m */ = {isa = PBXFileReference; fileEncoding = 4; lastKnownFileType = sourcecode.c.objc; path = Transaction.m; sourceTree = "<group>"; };
		CCD081EE1EFBB13900080629 /* Province.h */ = {isa = PBXFileReference; fileEncoding = 4; lastKnownFileType = sourcecode.c.h; path = Province.h; sourceTree = "<group>"; };
		CCD081EF1EFBB13900080629 /* Province.m */ = {isa = PBXFileReference; fileEncoding = 4; lastKnownFileType = sourcecode.c.objc; path = Province.m; sourceTree = "<group>"; };
		CCD081F11EFBB1FF00080629 /* TransactionService.h */ = {isa = PBXFileReference; fileEncoding = 4; lastKnownFileType = sourcecode.c.h; path = TransactionService.h; sourceTree = "<group>"; };
		CCD081F21EFBB1FF00080629 /* TransactionService.m */ = {isa = PBXFileReference; fileEncoding = 4; lastKnownFileType = sourcecode.c.objc; path = TransactionService.m; sourceTree = "<group>"; };
		CCD081F41EFBB43100080629 /* ProvinceService.h */ = {isa = PBXFileReference; fileEncoding = 4; lastKnownFileType = sourcecode.c.h; path = ProvinceService.h; sourceTree = "<group>"; };
		CCD081F51EFBB43100080629 /* ProvinceService.m */ = {isa = PBXFileReference; fileEncoding = 4; lastKnownFileType = sourcecode.c.objc; path = ProvinceService.m; sourceTree = "<group>"; };
		CCED79551F1770EE00E13C88 /* UserSubjectService.h */ = {isa = PBXFileReference; fileEncoding = 4; lastKnownFileType = sourcecode.c.h; path = UserSubjectService.h; sourceTree = "<group>"; };
		CCED79561F1770EE00E13C88 /* UserSubjectService.m */ = {isa = PBXFileReference; fileEncoding = 4; lastKnownFileType = sourcecode.c.objc; path = UserSubjectService.m; sourceTree = "<group>"; };
		CCED79581F1778BF00E13C88 /* ExamService.h */ = {isa = PBXFileReference; fileEncoding = 4; lastKnownFileType = sourcecode.c.h; path = ExamService.h; sourceTree = "<group>"; };
		CCED79591F1778BF00E13C88 /* ExamService.m */ = {isa = PBXFileReference; fileEncoding = 4; lastKnownFileType = sourcecode.c.objc; path = ExamService.m; sourceTree = "<group>"; };
		E16E2CEA6F6FD73FC65A6D59 /* Pods-CPAER.release.xcconfig */ = {isa = PBXFileReference; includeInIndex = 1; lastKnownFileType = text.xcconfig; name = "Pods-CPAER.release.xcconfig"; path = "Pods/Target Support Files/Pods-CPAER/Pods-CPAER.release.xcconfig"; sourceTree = "<group>"; };
		FF02B227F4CFDFA8F83673D7 /* libPods-CPAER.a */ = {isa = PBXFileReference; explicitFileType = archive.ar; includeInIndex = 0; path = "libPods-CPAER.a"; sourceTree = BUILT_PRODUCTS_DIR; };
/* End PBXFileReference section */

/* Begin PBXFrameworksBuildPhase section */
		963BAFD51EBB14C900F74944 /* Frameworks */ = {
			isa = PBXFrameworksBuildPhase;
			buildActionMask = 2147483647;
			files = (
				B0E3335E3659251A5EEC0B51 /* libPods-CPAER.a in Frameworks */,
			);
			runOnlyForDeploymentPostprocessing = 0;
		};
		963BAFEE1EBB14C900F74944 /* Frameworks */ = {
			isa = PBXFrameworksBuildPhase;
			buildActionMask = 2147483647;
			files = (
			);
			runOnlyForDeploymentPostprocessing = 0;
		};
		963BAFF91EBB14C900F74944 /* Frameworks */ = {
			isa = PBXFrameworksBuildPhase;
			buildActionMask = 2147483647;
			files = (
			);
			runOnlyForDeploymentPostprocessing = 0;
		};
/* End PBXFrameworksBuildPhase section */

/* Begin PBXGroup section */
		1F336EEDBD007E922FAB8799 /* Frameworks */ = {
			isa = PBXGroup;
			children = (
				FF02B227F4CFDFA8F83673D7 /* libPods-CPAER.a */,
			);
			name = Frameworks;
			sourceTree = "<group>";
		};
		39E56A991F022A9200430540 /* GeRenCenter */ = {
			isa = PBXGroup;
			children = (
				39E56A9A1F022A9200430540 /* GeRenCenterViewController.h */,
				39E56A9B1F022A9200430540 /* GeRenCenterViewController.m */,
				39E56ABB1F026F1B00430540 /* GeRenDetailViewController.h */,
				39E56ABC1F026F1B00430540 /* GeRenDetailViewController.m */,
				39E56AC31F02747F00430540 /* KuaiJiTableViewController.h */,
				39E56AC41F02747F00430540 /* KuaiJiTableViewController.m */,
				39E56AC51F02747F00430540 /* KuaiJiTableViewController.xib */,
				39E56AC81F02748E00430540 /* ShenJiTableViewController.h */,
				39E56AC91F02748E00430540 /* ShenJiTableViewController.m */,
				39E56ACA1F02748E00430540 /* ShenJiTableViewController.xib */,
				39E56ACD1F02749E00430540 /* CaiGuanTableViewController.h */,
				39E56ACE1F02749E00430540 /* CaiGuanTableViewController.m */,
				39E56ACF1F02749E00430540 /* CaiGuanTableViewController.xib */,
				39E56AD21F0274B300430540 /* ShuiFaTableViewController.h */,
				39E56AD31F0274B300430540 /* ShuiFaTableViewController.m */,
				39E56AD41F0274B300430540 /* ShuiFaTableViewController.xib */,
				39E56AD71F0274C200430540 /* JingJiFaTableViewController.h */,
				39E56AD81F0274C200430540 /* JingJiFaTableViewController.m */,
				39E56AD91F0274C200430540 /* JingJiFaTableViewController.xib */,
				39E56ADC1F02751200430540 /* ZhanLueTableViewController.h */,
				39E56ADD1F02751200430540 /* ZhanLueTableViewController.m */,
				39E56ADE1F02751200430540 /* ZhanLueTableViewController.xib */,
				3949ED151F0657B00031E6F6 /* GuanZhuViewController.h */,
				3949ED161F0657B00031E6F6 /* GuanZhuViewController.m */,
				39BEB85B1F08918400B802C6 /* LiuYanJiaViewController.h */,
				39BEB85C1F08918400B802C6 /* LiuYanJiaViewController.m */,
				3956100F1F0CBC3D001D645D /* YaoQingHaoYouViewController.h */,
				395610101F0CBC3D001D645D /* YaoQingHaoYouViewController.m */,
			);
			path = GeRenCenter;
			sourceTree = "<group>";
		};
		39E56AB41F026AB400430540 /* PageMenu */ = {
			isa = PBXGroup;
			children = (
				39E56AB51F026AB400430540 /* CAPSPageMenu.h */,
				39E56AB61F026AB400430540 /* CAPSPageMenu.m */,
			);
			path = PageMenu;
			sourceTree = "<group>";
		};
		963BAFCF1EBB14C900F74944 = {
			isa = PBXGroup;
			children = (
				963BAFDA1EBB14C900F74944 /* CPAER */,
				963BAFF41EBB14C900F74944 /* CPAERTests */,
				963BAFFF1EBB14C900F74944 /* CPAERUITests */,
				963BAFD91EBB14C900F74944 /* Products */,
				D8DAD05BB2840D8388E1742D /* Pods */,
				1F336EEDBD007E922FAB8799 /* Frameworks */,
			);
			sourceTree = "<group>";
		};
		963BAFD91EBB14C900F74944 /* Products */ = {
			isa = PBXGroup;
			children = (
				963BAFD81EBB14C900F74944 /* CPAER.app */,
				963BAFF11EBB14C900F74944 /* CPAERTests.xctest */,
				963BAFFC1EBB14C900F74944 /* CPAERUITests.xctest */,
			);
			name = Products;
			sourceTree = "<group>";
		};
		963BAFDA1EBB14C900F74944 /* CPAER */ = {
			isa = PBXGroup;
			children = (
				963BB0271EBB1A5400F74944 /* Source */,
				963BAFE41EBB14C900F74944 /* Main.storyboard */,
				963BAFE91EBB14C900F74944 /* LaunchScreen.storyboard */,
				39E56A9D1F022B1C00430540 /* Assets.xcassets */,
				963BAFEC1EBB14C900F74944 /* Info.plist */,
				963BAFDB1EBB14C900F74944 /* Supporting Files */,
			);
			path = CPAER;
			sourceTree = "<group>";
		};
		963BAFDB1EBB14C900F74944 /* Supporting Files */ = {
			isa = PBXGroup;
			children = (
				963BAFDC1EBB14C900F74944 /* main.m */,
			);
			name = "Supporting Files";
			sourceTree = "<group>";
		};
		963BAFF41EBB14C900F74944 /* CPAERTests */ = {
			isa = PBXGroup;
			children = (
				963BAFF51EBB14C900F74944 /* CPAERTests.m */,
				963BAFF71EBB14C900F74944 /* Info.plist */,
			);
			path = CPAERTests;
			sourceTree = "<group>";
		};
		963BAFFF1EBB14C900F74944 /* CPAERUITests */ = {
			isa = PBXGroup;
			children = (
				963BB0001EBB14C900F74944 /* CPAERUITests.m */,
				963BB0021EBB14C900F74944 /* Info.plist */,
			);
			path = CPAERUITests;
			sourceTree = "<group>";
		};
		963BB0271EBB1A5400F74944 /* Source */ = {
			isa = PBXGroup;
			children = (
				963BB0281EBB1A5400F74944 /* Application */,
				963BB02B1EBB1A5400F74944 /* BaseClass */,
				96E255241EC71A2C00BECD4B /* WebService */,
				963BB02C1EBB1A5400F74944 /* CodeClass */,
				963BB0341EBB1A5400F74944 /* DataBase */,
				963BB0351EBB1A5400F74944 /* EnNetWork */,
				963BB0361EBB1A5400F74944 /* Framework */,
				963BB0371EBB1A5400F74944 /* Global */,
				963BB0381EBB1A5400F74944 /* Helper */,
				963BB0391EBB1A5400F74944 /* Macro */,
				963BB03F1EBB1A5400F74944 /* Resources */,
				963BB0401EBB1A5400F74944 /* TheThird */,
			);
			path = Source;
			sourceTree = "<group>";
		};
		963BB0281EBB1A5400F74944 /* Application */ = {
			isa = PBXGroup;
			children = (
				963BB0291EBB1A5400F74944 /* AppDelegate.h */,
				963BB02A1EBB1A5400F74944 /* AppDelegate.m */,
			);
			path = Application;
			sourceTree = "<group>";
		};
		963BB02B1EBB1A5400F74944 /* BaseClass */ = {
			isa = PBXGroup;
			children = (
				96DCCB5C1EC75B6A001C3F39 /* BaseViewController.h */,
				96DCCB5D1EC75B6A001C3F39 /* BaseViewController.m */,
				96DCCB591EC75B16001C3F39 /* UIViewController+Utils.h */,
				96DCCB5A1EC75B16001C3F39 /* UIViewController+Utils.m */,
				96E255211EC7193900BECD4B /* BaseHttpClient.h */,
				96E255221EC7193900BECD4B /* BaseHttpClient.m */,
				9635A3A41EC05C97005D7405 /* UIImage+Category.h */,
				9635A3A51EC05C97005D7405 /* UIImage+Category.m */,
				9635A3A11EC04EE9005D7405 /* NetWorkManager.h */,
				9635A3A21EC04EE9005D7405 /* NetWorkManager.m */,
			);
			path = BaseClass;
			sourceTree = "<group>";
		};
		963BB02C1EBB1A5400F74944 /* CodeClass */ = {
			isa = PBXGroup;
			children = (
				966726771EBF01C700DA85F8 /* Controller */,
				CCA4ACB21EF92AC7000EAA4A /* Model */,
				963BB02D1EBB1A5400F74944 /* LCTabbar */,
				39E56A9F1F02335D00430540 /* BaseNavTaBarViewController.h */,
				39E56AA01F02335D00430540 /* BaseNavTaBarViewController.m */,
			);
			path = CodeClass;
			sourceTree = "<group>";
		};
		963BB02D1EBB1A5400F74944 /* LCTabbar */ = {
			isa = PBXGroup;
			children = (
				963BB02E1EBB1A5400F74944 /* LCTabbar.h */,
				963BB02F1EBB1A5400F74944 /* LCTabbar.m */,
				963BB0301EBB1A5400F74944 /* LCTabBarButton.h */,
				963BB0311EBB1A5400F74944 /* LCTabBarButton.m */,
				963BB0321EBB1A5400F74944 /* LCTabBarController.h */,
				963BB0331EBB1A5400F74944 /* LCTabBarController.m */,
			);
			path = LCTabbar;
			sourceTree = "<group>";
		};
		963BB0341EBB1A5400F74944 /* DataBase */ = {
			isa = PBXGroup;
			children = (
			);
			path = DataBase;
			sourceTree = "<group>";
		};
		963BB0351EBB1A5400F74944 /* EnNetWork */ = {
			isa = PBXGroup;
			children = (
			);
			path = EnNetWork;
			sourceTree = "<group>";
		};
		963BB0361EBB1A5400F74944 /* Framework */ = {
			isa = PBXGroup;
			children = (
			);
			path = Framework;
			sourceTree = "<group>";
		};
		963BB0371EBB1A5400F74944 /* Global */ = {
			isa = PBXGroup;
			children = (
			);
			path = Global;
			sourceTree = "<group>";
		};
		963BB0381EBB1A5400F74944 /* Helper */ = {
			isa = PBXGroup;
			children = (
			);
			path = Helper;
			sourceTree = "<group>";
		};
		963BB0391EBB1A5400F74944 /* Macro */ = {
			isa = PBXGroup;
			children = (
				963BB03A1EBB1A5400F74944 /* APPHeader.h */,
				963BB03B1EBB1A5400F74944 /* IMPHeader.h */,
				963BB03C1EBB1A5400F74944 /* KEYHeader.h */,
				963BB03E1EBB1A5400F74944 /* URLHeader.h */,
				969CCDEA1EC0721200A74580 /* PrefixHeader.pch */,
			);
			path = Macro;
			sourceTree = "<group>";
		};
		963BB03F1EBB1A5400F74944 /* Resources */ = {
			isa = PBXGroup;
			children = (
			);
			path = Resources;
			sourceTree = "<group>";
		};
		963BB0401EBB1A5400F74944 /* TheThird */ = {
			isa = PBXGroup;
			children = (
				39E56AB41F026AB400430540 /* PageMenu */,
			);
			path = TheThird;
			sourceTree = "<group>";
		};
		966726771EBF01C700DA85F8 /* Controller */ = {
			isa = PBXGroup;
			children = (
				39E56A991F022A9200430540 /* GeRenCenter */,
				96E3C0AD1EC83DDC009777EE /* TarBarRoot */,
				9667267A1EBF021000DA85F8 /* LoginRegister */,
			);
			path = Controller;
			sourceTree = "<group>";
		};
		9667267A1EBF021000DA85F8 /* LoginRegister */ = {
			isa = PBXGroup;
			children = (
				9667267B1EBF04D200DA85F8 /* RegisterViewController.h */,
				9667267C1EBF04D200DA85F8 /* RegisterViewController.m */,
				96E3C0AA1EC83493009777EE /* LoginViewController.h */,
				96E3C0AB1EC83493009777EE /* LoginViewController.m */,
				3936E33B1F05048400E264E9 /* FindPassWordViewController.h */,
				3936E33C1F05048400E264E9 /* FindPassWordViewController.m */,
				3936E33E1F050DA200E264E9 /* WanShanZiLiaoViewController.h */,
				3936E33F1F050DA200E264E9 /* WanShanZiLiaoViewController.m */,
				3936E3411F05131A00E264E9 /* ZhuCeXieYiViewController.h */,
				3936E3421F05131A00E264E9 /* ZhuCeXieYiViewController.m */,
				3936E3441F0515D400E264E9 /* BaoKaoDateViewController.h */,
				3936E3451F0515D400E264E9 /* BaoKaoDateViewController.m */,
				3936E3471F0515E500E264E9 /* BaoKaoKeMuViewController.h */,
				3936E3481F0515E500E264E9 /* BaoKaoKeMuViewController.m */,
			);
			path = LoginRegister;
			sourceTree = "<group>";
		};
		96E255241EC71A2C00BECD4B /* WebService */ = {
			isa = PBXGroup;
			children = (
				CCD081D91EFB4F4C00080629 /* UserIdHttpClicent.h */,
				CCD081DA1EFB4F4C00080629 /* UserIdHttpClicent.m */,
				96C6BBC01EC80515000BC138 /* LoginService.h */,
				96C6BBC11EC80515000BC138 /* LoginService.m */,
				96C6BBBD1EC804E3000BC138 /* RegisterService.h */,
				96C6BBBE1EC804E3000BC138 /* RegisterService.m */,
				96E255251EC71B0500BECD4B /* SendCodeService.h */,
				96E255261EC71B0500BECD4B /* SendCodeService.m */,
				CCA4ACB61EFA01EE000EAA4A /* ChangePWService.h */,
				CCA4ACB71EFA01EE000EAA4A /* ChangePWService.m */,
				CCA4ACB91EFA0DB8000EAA4A /* ChangeInfoService.h */,
				CCA4ACBA1EFA0DB8000EAA4A /* ChangeInfoService.m */,
				CCA4ACBC1EFA1D84000EAA4A /* FollowService.h */,
				CCA4ACBD1EFA1D84000EAA4A /* FollowService.m */,
				CCA4ACC81EFA57C2000EAA4A /* ResourceService.h */,
				CCA4ACC91EFA57C2000EAA4A /* ResourceService.m */,
				CCA4ACD11EFA688B000EAA4A /* CollectService.h */,
				CCA4ACD21EFA688B000EAA4A /* CollectService.m */,
				CCD081DC1EFB97F400080629 /* QuestionService.h */,
				CCD081DD1EFB97F400080629 /* QuestionService.m */,
				CCD081E81EFBA61D00080629 /* PersonalSerivce.h */,
				CCD081E91EFBA61D00080629 /* PersonalSerivce.m */,
				CCD081F11EFBB1FF00080629 /* TransactionService.h */,
				CCD081F21EFBB1FF00080629 /* TransactionService.m */,
				CCD081F41EFBB43100080629 /* ProvinceService.h */,
				CCD081F51EFBB43100080629 /* ProvinceService.m */,
				CC21123F1F1468A000A00E51 /* SystemParamService.h */,
				CC2112401F1468A000A00E51 /* SystemParamService.m */,
				CC2112421F14780B00A00E51 /* SignInService.h */,
				CC2112431F14780B00A00E51 /* SignInService.m */,
				CC2112451F14BA4700A00E51 /* HomeDataService.h */,
				CC2112461F14BA4700A00E51 /* HomeDataService.m */,
				CC2112481F14D43900A00E51 /* TopicService.h */,
				CC2112491F14D43900A00E51 /* TopicService.m */,
				CCED79551F1770EE00E13C88 /* UserSubjectService.h */,
				CCED79561F1770EE00E13C88 /* UserSubjectService.m */,
				CCED79581F1778BF00E13C88 /* ExamService.h */,
				CCED79591F1778BF00E13C88 /* ExamService.m */,
			);
			path = WebService;
			sourceTree = "<group>";
		};
		96E3C0AD1EC83DDC009777EE /* TarBarRoot */ = {
			isa = PBXGroup;
			children = (
				96E3C0AE1EC83DF4009777EE /* LearnViewController.h */,
				96E3C0AF1EC83DF4009777EE /* LearnViewController.m */,
			);
			path = TarBarRoot;
			sourceTree = "<group>";
		};
		CCA4ACB21EF92AC7000EAA4A /* Model */ = {
			isa = PBXGroup;
			children = (
				CCA4ACB31EF92AEC000EAA4A /* BaseInfo.h */,
				CCA4ACB41EF92AEC000EAA4A /* BaseInfo.m */,
				CCA4ACC21EFA4790000EAA4A /* Follow.h */,
				CCA4ACC31EFA4790000EAA4A /* Follow.m */,
				CCA4ACC51EFA4DF2000EAA4A /* Resource.h */,
				CCA4ACC61EFA4DF2000EAA4A /* Resource.m */,
				CCA4ACCB1EFA61D6000EAA4A /* Download.h */,
				CCA4ACCC1EFA61D6000EAA4A /* Download.m */,
				CCA4ACD41EFA6E71000EAA4A /* Collect.h */,
				CCA4ACD51EFA6E71000EAA4A /* Collect.m */,
				CCD081DF1EFB9F0C00080629 /* Question.h */,
				CCD081E01EFB9F0C00080629 /* Question.m */,
				CCD081E21EFB9F7400080629 /* Answer.h */,
				CCD081E31EFB9F7400080629 /* Answer.m */,
				CCD081E51EFBA4B000080629 /* Personal.h */,
				CCD081E61EFBA4B000080629 /* Personal.m */,
				CCD081EB1EFBAE3C00080629 /* Transaction.h */,
				CCD081EC1EFBAE3C00080629 /* Transaction.m */,
				CCD081EE1EFBB13900080629 /* Province.h */,
				CCD081EF1EFBB13900080629 /* Province.m */,
				CC2112391F1467B100A00E51 /* Param.h */,
				CC21123A1F1467B100A00E51 /* Param.m */,
			);
			path = Model;
			sourceTree = "<group>";
		};
		D8DAD05BB2840D8388E1742D /* Pods */ = {
			isa = PBXGroup;
			children = (
				BDCC12CC995662164A8A3C92 /* Pods-CPAER.debug.xcconfig */,
				E16E2CEA6F6FD73FC65A6D59 /* Pods-CPAER.release.xcconfig */,
			);
			name = Pods;
			sourceTree = "<group>";
		};
/* End PBXGroup section */

/* Begin PBXNativeTarget section */
		963BAFD71EBB14C900F74944 /* CPAER */ = {
			isa = PBXNativeTarget;
			buildConfigurationList = 963BB0051EBB14C900F74944 /* Build configuration list for PBXNativeTarget "CPAER" */;
			buildPhases = (
				18EBBB51653ECF344DD3C4A1 /* [CP] Check Pods Manifest.lock */,
				963BAFD41EBB14C900F74944 /* Sources */,
				963BAFD51EBB14C900F74944 /* Frameworks */,
				963BAFD61EBB14C900F74944 /* Resources */,
				ED3B1FDA743D39B4ACCCCB7B /* [CP] Embed Pods Frameworks */,
				9B5BE0BA48CC9C489DEB9983 /* [CP] Copy Pods Resources */,
			);
			buildRules = (
			);
			dependencies = (
			);
			name = CPAER;
			productName = CPAER;
			productReference = 963BAFD81EBB14C900F74944 /* CPAER.app */;
			productType = "com.apple.product-type.application";
		};
		963BAFF01EBB14C900F74944 /* CPAERTests */ = {
			isa = PBXNativeTarget;
			buildConfigurationList = 963BB0081EBB14C900F74944 /* Build configuration list for PBXNativeTarget "CPAERTests" */;
			buildPhases = (
				963BAFED1EBB14C900F74944 /* Sources */,
				963BAFEE1EBB14C900F74944 /* Frameworks */,
				963BAFEF1EBB14C900F74944 /* Resources */,
			);
			buildRules = (
			);
			dependencies = (
				963BAFF31EBB14C900F74944 /* PBXTargetDependency */,
			);
			name = CPAERTests;
			productName = CPAERTests;
			productReference = 963BAFF11EBB14C900F74944 /* CPAERTests.xctest */;
			productType = "com.apple.product-type.bundle.unit-test";
		};
		963BAFFB1EBB14C900F74944 /* CPAERUITests */ = {
			isa = PBXNativeTarget;
			buildConfigurationList = 963BB00B1EBB14C900F74944 /* Build configuration list for PBXNativeTarget "CPAERUITests" */;
			buildPhases = (
				963BAFF81EBB14C900F74944 /* Sources */,
				963BAFF91EBB14C900F74944 /* Frameworks */,
				963BAFFA1EBB14C900F74944 /* Resources */,
			);
			buildRules = (
			);
			dependencies = (
				963BAFFE1EBB14C900F74944 /* PBXTargetDependency */,
			);
			name = CPAERUITests;
			productName = CPAERUITests;
			productReference = 963BAFFC1EBB14C900F74944 /* CPAERUITests.xctest */;
			productType = "com.apple.product-type.bundle.ui-testing";
		};
/* End PBXNativeTarget section */

/* Begin PBXProject section */
		963BAFD01EBB14C900F74944 /* Project object */ = {
			isa = PBXProject;
			attributes = {
				LastUpgradeCheck = 0830;
				ORGANIZATIONNAME = zhuzh;
				TargetAttributes = {
					963BAFD71EBB14C900F74944 = {
						CreatedOnToolsVersion = 8.3.2;
						DevelopmentTeam = HS58FBSKGP;
						ProvisioningStyle = Automatic;
					};
					963BAFF01EBB14C900F74944 = {
						CreatedOnToolsVersion = 8.3.2;
						DevelopmentTeam = XE7QVWA3R9;
						ProvisioningStyle = Automatic;
						TestTargetID = 963BAFD71EBB14C900F74944;
					};
					963BAFFB1EBB14C900F74944 = {
						CreatedOnToolsVersion = 8.3.2;
						DevelopmentTeam = XE7QVWA3R9;
						ProvisioningStyle = Automatic;
						TestTargetID = 963BAFD71EBB14C900F74944;
					};
				};
			};
			buildConfigurationList = 963BAFD31EBB14C900F74944 /* Build configuration list for PBXProject "CPAER" */;
			compatibilityVersion = "Xcode 3.2";
			developmentRegion = English;
			hasScannedForEncodings = 0;
			knownRegions = (
				en,
				Base,
			);
			mainGroup = 963BAFCF1EBB14C900F74944;
			productRefGroup = 963BAFD91EBB14C900F74944 /* Products */;
			projectDirPath = "";
			projectRoot = "";
			targets = (
				963BAFD71EBB14C900F74944 /* CPAER */,
				963BAFF01EBB14C900F74944 /* CPAERTests */,
				963BAFFB1EBB14C900F74944 /* CPAERUITests */,
			);
		};
/* End PBXProject section */

/* Begin PBXResourcesBuildPhase section */
		963BAFD61EBB14C900F74944 /* Resources */ = {
			isa = PBXResourcesBuildPhase;
			buildActionMask = 2147483647;
			files = (
				39E56AE01F02751200430540 /* ZhanLueTableViewController.xib in Resources */,
				963BAFEB1EBB14C900F74944 /* LaunchScreen.storyboard in Resources */,
				39E56ADB1F0274C200430540 /* JingJiFaTableViewController.xib in Resources */,
				39E56A9E1F022B1C00430540 /* Assets.xcassets in Resources */,
				39E56AC71F02747F00430540 /* KuaiJiTableViewController.xib in Resources */,
				963BAFE61EBB14C900F74944 /* Main.storyboard in Resources */,
				39E56AD11F02749E00430540 /* CaiGuanTableViewController.xib in Resources */,
				39E56AD61F0274B300430540 /* ShuiFaTableViewController.xib in Resources */,
				39E56ACC1F02748E00430540 /* ShenJiTableViewController.xib in Resources */,
			);
			runOnlyForDeploymentPostprocessing = 0;
		};
		963BAFEF1EBB14C900F74944 /* Resources */ = {
			isa = PBXResourcesBuildPhase;
			buildActionMask = 2147483647;
			files = (
			);
			runOnlyForDeploymentPostprocessing = 0;
		};
		963BAFFA1EBB14C900F74944 /* Resources */ = {
			isa = PBXResourcesBuildPhase;
			buildActionMask = 2147483647;
			files = (
			);
			runOnlyForDeploymentPostprocessing = 0;
		};
/* End PBXResourcesBuildPhase section */

/* Begin PBXShellScriptBuildPhase section */
		18EBBB51653ECF344DD3C4A1 /* [CP] Check Pods Manifest.lock */ = {
			isa = PBXShellScriptBuildPhase;
			buildActionMask = 2147483647;
			files = (
			);
			inputPaths = (
			);
			name = "[CP] Check Pods Manifest.lock";
			outputPaths = (
			);
			runOnlyForDeploymentPostprocessing = 0;
			shellPath = /bin/sh;
			shellScript = "diff \"${PODS_ROOT}/../Podfile.lock\" \"${PODS_ROOT}/Manifest.lock\" > /dev/null\nif [ $? != 0 ] ; then\n    # print error to STDERR\n    echo \"error: The sandbox is not in sync with the Podfile.lock. Run 'pod install' or update your CocoaPods installation.\" >&2\n    exit 1\nfi\n";
			showEnvVarsInLog = 0;
		};
		9B5BE0BA48CC9C489DEB9983 /* [CP] Copy Pods Resources */ = {
			isa = PBXShellScriptBuildPhase;
			buildActionMask = 2147483647;
			files = (
			);
			inputPaths = (
			);
			name = "[CP] Copy Pods Resources";
			outputPaths = (
			);
			runOnlyForDeploymentPostprocessing = 0;
			shellPath = /bin/sh;
			shellScript = "\"${SRCROOT}/Pods/Target Support Files/Pods-CPAER/Pods-CPAER-resources.sh\"\n";
			showEnvVarsInLog = 0;
		};
		ED3B1FDA743D39B4ACCCCB7B /* [CP] Embed Pods Frameworks */ = {
			isa = PBXShellScriptBuildPhase;
			buildActionMask = 2147483647;
			files = (
			);
			inputPaths = (
			);
			name = "[CP] Embed Pods Frameworks";
			outputPaths = (
			);
			runOnlyForDeploymentPostprocessing = 0;
			shellPath = /bin/sh;
			shellScript = "\"${SRCROOT}/Pods/Target Support Files/Pods-CPAER/Pods-CPAER-frameworks.sh\"\n";
			showEnvVarsInLog = 0;
		};
/* End PBXShellScriptBuildPhase section */

/* Begin PBXSourcesBuildPhase section */
		963BAFD41EBB14C900F74944 /* Sources */ = {
			isa = PBXSourcesBuildPhase;
			buildActionMask = 2147483647;
			files = (
				963BB0421EBB1A5400F74944 /* LCTabbar.m in Sources */,
				CCD081EA1EFBA61D00080629 /* PersonalSerivce.m in Sources */,
				CCA4ACC71EFA4DF2000EAA4A /* Resource.m in Sources */,
				96E3C0B01EC83DF4009777EE /* LearnViewController.m in Sources */,
				3936E33D1F05048400E264E9 /* FindPassWordViewController.m in Sources */,
				39E56ADA1F0274C200430540 /* JingJiFaTableViewController.m in Sources */,
				CCD081E71EFBA4B000080629 /* Personal.m in Sources */,
				3949ED171F0657B00031E6F6 /* GuanZhuViewController.m in Sources */,
				CC21124A1F14D43900A00E51 /* TopicService.m in Sources */,
				CC2112471F14BA4700A00E51 /* HomeDataService.m in Sources */,
				96DCCB5E1EC75B6A001C3F39 /* BaseViewController.m in Sources */,
				CCA4ACD61EFA6E71000EAA4A /* Collect.m in Sources */,
				CCA4ACC41EFA4790000EAA4A /* Follow.m in Sources */,
				96DCCB5B1EC75B16001C3F39 /* UIViewController+Utils.m in Sources */,
				CCA4ACB51EF92AEC000EAA4A /* BaseInfo.m in Sources */,
				CCED795A1F1778BF00E13C88 /* ExamService.m in Sources */,
				CCED79571F1770EE00E13C88 /* UserSubjectService.m in Sources */,
				CCA4ACBB1EFA0DB8000EAA4A /* ChangeInfoService.m in Sources */,
				3936E3491F0515E500E264E9 /* BaoKaoKeMuViewController.m in Sources */,
				9667267D1EBF04D200DA85F8 /* RegisterViewController.m in Sources */,
				39BEB85D1F08918400B802C6 /* LiuYanJiaViewController.m in Sources */,
				CCD081DB1EFB4F4C00080629 /* UserIdHttpClicent.m in Sources */,
				3936E3401F050DA200E264E9 /* WanShanZiLiaoViewController.m in Sources */,
				CCD081F31EFBB1FF00080629 /* TransactionService.m in Sources */,
				39E56ADF1F02751200430540 /* ZhanLueTableViewController.m in Sources */,
				CCA4ACB81EFA01EE000EAA4A /* ChangePWService.m in Sources */,
				CC2112411F1468A000A00E51 /* SystemParamService.m in Sources */,
				96C6BBBF1EC804E3000BC138 /* RegisterService.m in Sources */,
				3936E3431F05131A00E264E9 /* ZhuCeXieYiViewController.m in Sources */,
				CCD081E11EFB9F0C00080629 /* Question.m in Sources */,
				CCD081DE1EFB97F400080629 /* QuestionService.m in Sources */,
				963BB0441EBB1A5400F74944 /* LCTabBarController.m in Sources */,
				39E56A9C1F022A9200430540 /* GeRenCenterViewController.m in Sources */,
				CCD081ED1EFBAE3C00080629 /* Transaction.m in Sources */,
				39E56AD51F0274B300430540 /* ShuiFaTableViewController.m in Sources */,
				CCA4ACBE1EFA1D84000EAA4A /* FollowService.m in Sources */,
				963BB0411EBB1A5400F74944 /* AppDelegate.m in Sources */,
				CCD081F01EFBB13900080629 /* Province.m in Sources */,
				96C6BBC21EC80515000BC138 /* LoginService.m in Sources */,
				CCD081E41EFB9F7400080629 /* Answer.m in Sources */,
				96E255271EC71B0500BECD4B /* SendCodeService.m in Sources */,
				9635A3A31EC04EE9005D7405 /* NetWorkManager.m in Sources */,
				963BB0431EBB1A5400F74944 /* LCTabBarButton.m in Sources */,
				39E56AC61F02747F00430540 /* KuaiJiTableViewController.m in Sources */,
				CC2112441F14780B00A00E51 /* SignInService.m in Sources */,
				CC21123B1F1467B100A00E51 /* Param.m in Sources */,
				39E56AB71F026AB400430540 /* CAPSPageMenu.m in Sources */,
				963BAFDD1EBB14C900F74944 /* main.m in Sources */,
				CCA4ACCA1EFA57C2000EAA4A /* ResourceService.m in Sources */,
				39E56AD01F02749E00430540 /* CaiGuanTableViewController.m in Sources */,
				9635A3A61EC05C97005D7405 /* UIImage+Category.m in Sources */,
				3936E3461F0515D400E264E9 /* BaoKaoDateViewController.m in Sources */,
				39E56ABD1F026F1B00430540 /* GeRenDetailViewController.m in Sources */,
				39E56AA11F02335D00430540 /* BaseNavTaBarViewController.m in Sources */,
				39E56ACB1F02748E00430540 /* ShenJiTableViewController.m in Sources */,
				CCD081F61EFBB43100080629 /* ProvinceService.m in Sources */,
				CCA4ACCD1EFA61D6000EAA4A /* Download.m in Sources */,
				395610111F0CBC3D001D645D /* YaoQingHaoYouViewController.m in Sources */,
				96E255231EC7193900BECD4B /* BaseHttpClient.m in Sources */,
				CCA4ACD31EFA688B000EAA4A /* CollectService.m in Sources */,
				96E3C0AC1EC83493009777EE /* LoginViewController.m in Sources */,
			);
			runOnlyForDeploymentPostprocessing = 0;
		};
		963BAFED1EBB14C900F74944 /* Sources */ = {
			isa = PBXSourcesBuildPhase;
			buildActionMask = 2147483647;
			files = (
				963BAFF61EBB14C900F74944 /* CPAERTests.m in Sources */,
			);
			runOnlyForDeploymentPostprocessing = 0;
		};
		963BAFF81EBB14C900F74944 /* Sources */ = {
			isa = PBXSourcesBuildPhase;
			buildActionMask = 2147483647;
			files = (
				963BB0011EBB14C900F74944 /* CPAERUITests.m in Sources */,
			);
			runOnlyForDeploymentPostprocessing = 0;
		};
/* End PBXSourcesBuildPhase section */

/* Begin PBXTargetDependency section */
		963BAFF31EBB14C900F74944 /* PBXTargetDependency */ = {
			isa = PBXTargetDependency;
			target = 963BAFD71EBB14C900F74944 /* CPAER */;
			targetProxy = 963BAFF21EBB14C900F74944 /* PBXContainerItemProxy */;
		};
		963BAFFE1EBB14C900F74944 /* PBXTargetDependency */ = {
			isa = PBXTargetDependency;
			target = 963BAFD71EBB14C900F74944 /* CPAER */;
			targetProxy = 963BAFFD1EBB14C900F74944 /* PBXContainerItemProxy */;
		};
/* End PBXTargetDependency section */

/* Begin PBXVariantGroup section */
		963BAFE41EBB14C900F74944 /* Main.storyboard */ = {
			isa = PBXVariantGroup;
			children = (
				963BAFE51EBB14C900F74944 /* Base */,
			);
			name = Main.storyboard;
			sourceTree = "<group>";
		};
		963BAFE91EBB14C900F74944 /* LaunchScreen.storyboard */ = {
			isa = PBXVariantGroup;
			children = (
				963BAFEA1EBB14C900F74944 /* Base */,
			);
			name = LaunchScreen.storyboard;
			sourceTree = "<group>";
		};
/* End PBXVariantGroup section */

/* Begin XCBuildConfiguration section */
		963BB0031EBB14C900F74944 /* Debug */ = {
			isa = XCBuildConfiguration;
			buildSettings = {
				ALWAYS_SEARCH_USER_PATHS = NO;
				CLANG_ANALYZER_NONNULL = YES;
				CLANG_ANALYZER_NUMBER_OBJECT_CONVERSION = YES_AGGRESSIVE;
				CLANG_CXX_LANGUAGE_STANDARD = "gnu++0x";
				CLANG_CXX_LIBRARY = "libc++";
				CLANG_ENABLE_MODULES = YES;
				CLANG_ENABLE_OBJC_ARC = YES;
				CLANG_WARN_BOOL_CONVERSION = YES;
				CLANG_WARN_CONSTANT_CONVERSION = YES;
				CLANG_WARN_DIRECT_OBJC_ISA_USAGE = YES_ERROR;
				CLANG_WARN_DOCUMENTATION_COMMENTS = YES;
				CLANG_WARN_EMPTY_BODY = YES;
				CLANG_WARN_ENUM_CONVERSION = YES;
				CLANG_WARN_INFINITE_RECURSION = YES;
				CLANG_WARN_INT_CONVERSION = YES;
				CLANG_WARN_OBJC_ROOT_CLASS = YES_ERROR;
				CLANG_WARN_SUSPICIOUS_MOVE = YES;
				CLANG_WARN_UNREACHABLE_CODE = YES;
				CLANG_WARN__DUPLICATE_METHOD_MATCH = YES;
				"CODE_SIGN_IDENTITY[sdk=iphoneos*]" = "iPhone Developer";
				COPY_PHASE_STRIP = NO;
				DEBUG_INFORMATION_FORMAT = dwarf;
				ENABLE_STRICT_OBJC_MSGSEND = YES;
				ENABLE_TESTABILITY = YES;
				GCC_C_LANGUAGE_STANDARD = gnu99;
				GCC_DYNAMIC_NO_PIC = NO;
				GCC_NO_COMMON_BLOCKS = YES;
				GCC_OPTIMIZATION_LEVEL = 0;
				GCC_PREPROCESSOR_DEFINITIONS = (
					"DEBUG=1",
					"$(inherited)",
				);
				GCC_WARN_64_TO_32_BIT_CONVERSION = YES;
				GCC_WARN_ABOUT_RETURN_TYPE = YES_ERROR;
				GCC_WARN_UNDECLARED_SELECTOR = YES;
				GCC_WARN_UNINITIALIZED_AUTOS = YES_AGGRESSIVE;
				GCC_WARN_UNUSED_FUNCTION = YES;
				GCC_WARN_UNUSED_VARIABLE = YES;
				IPHONEOS_DEPLOYMENT_TARGET = 10.3;
				MTL_ENABLE_DEBUG_INFO = YES;
				ONLY_ACTIVE_ARCH = YES;
				SDKROOT = iphoneos;
			};
			name = Debug;
		};
		963BB0041EBB14C900F74944 /* Release */ = {
			isa = XCBuildConfiguration;
			buildSettings = {
				ALWAYS_SEARCH_USER_PATHS = NO;
				CLANG_ANALYZER_NONNULL = YES;
				CLANG_ANALYZER_NUMBER_OBJECT_CONVERSION = YES_AGGRESSIVE;
				CLANG_CXX_LANGUAGE_STANDARD = "gnu++0x";
				CLANG_CXX_LIBRARY = "libc++";
				CLANG_ENABLE_MODULES = YES;
				CLANG_ENABLE_OBJC_ARC = YES;
				CLANG_WARN_BOOL_CONVERSION = YES;
				CLANG_WARN_CONSTANT_CONVERSION = YES;
				CLANG_WARN_DIRECT_OBJC_ISA_USAGE = YES_ERROR;
				CLANG_WARN_DOCUMENTATION_COMMENTS = YES;
				CLANG_WARN_EMPTY_BODY = YES;
				CLANG_WARN_ENUM_CONVERSION = YES;
				CLANG_WARN_INFINITE_RECURSION = YES;
				CLANG_WARN_INT_CONVERSION = YES;
				CLANG_WARN_OBJC_ROOT_CLASS = YES_ERROR;
				CLANG_WARN_SUSPICIOUS_MOVE = YES;
				CLANG_WARN_UNREACHABLE_CODE = YES;
				CLANG_WARN__DUPLICATE_METHOD_MATCH = YES;
				"CODE_SIGN_IDENTITY[sdk=iphoneos*]" = "iPhone Developer";
				COPY_PHASE_STRIP = NO;
				DEBUG_INFORMATION_FORMAT = "dwarf-with-dsym";
				ENABLE_NS_ASSERTIONS = NO;
				ENABLE_STRICT_OBJC_MSGSEND = YES;
				GCC_C_LANGUAGE_STANDARD = gnu99;
				GCC_NO_COMMON_BLOCKS = YES;
				GCC_WARN_64_TO_32_BIT_CONVERSION = YES;
				GCC_WARN_ABOUT_RETURN_TYPE = YES_ERROR;
				GCC_WARN_UNDECLARED_SELECTOR = YES;
				GCC_WARN_UNINITIALIZED_AUTOS = YES_AGGRESSIVE;
				GCC_WARN_UNUSED_FUNCTION = YES;
				GCC_WARN_UNUSED_VARIABLE = YES;
				IPHONEOS_DEPLOYMENT_TARGET = 10.3;
				MTL_ENABLE_DEBUG_INFO = NO;
				SDKROOT = iphoneos;
				VALIDATE_PRODUCT = YES;
			};
			name = Release;
		};
		963BB0061EBB14C900F74944 /* Debug */ = {
			isa = XCBuildConfiguration;
			baseConfigurationReference = BDCC12CC995662164A8A3C92 /* Pods-CPAER.debug.xcconfig */;
			buildSettings = {
				ASSETCATALOG_COMPILER_APPICON_NAME = AppIcon;
				DEVELOPMENT_TEAM = HS58FBSKGP;
				GCC_PRECOMPILE_PREFIX_HEADER = YES;
				GCC_PREFIX_HEADER = "$(SRCROOT)/CPAER/Source/Macro/PrefixHeader.pch";
				INFOPLIST_FILE = CPAER/Info.plist;
				IPHONEOS_DEPLOYMENT_TARGET = 8.0;
				LD_RUNPATH_SEARCH_PATHS = "$(inherited) @executable_path/Frameworks";
				PRODUCT_BUNDLE_IDENTIFIER = com.jincheng.zhuzh.CPAER;
				PRODUCT_NAME = "$(TARGET_NAME)";
			};
			name = Debug;
		};
		963BB0071EBB14C900F74944 /* Release */ = {
			isa = XCBuildConfiguration;
			baseConfigurationReference = E16E2CEA6F6FD73FC65A6D59 /* Pods-CPAER.release.xcconfig */;
			buildSettings = {
				ASSETCATALOG_COMPILER_APPICON_NAME = AppIcon;
				DEVELOPMENT_TEAM = HS58FBSKGP;
				GCC_PRECOMPILE_PREFIX_HEADER = YES;
				GCC_PREFIX_HEADER = "$(SRCROOT)/CPAER/Source/Macro/PrefixHeader.pch";
				INFOPLIST_FILE = CPAER/Info.plist;
				IPHONEOS_DEPLOYMENT_TARGET = 8.0;
				LD_RUNPATH_SEARCH_PATHS = "$(inherited) @executable_path/Frameworks";
				PRODUCT_BUNDLE_IDENTIFIER = com.jincheng.zhuzh.CPAER;
				PRODUCT_NAME = "$(TARGET_NAME)";
			};
			name = Release;
		};
		963BB0091EBB14C900F74944 /* Debug */ = {
			isa = XCBuildConfiguration;
			buildSettings = {
				BUNDLE_LOADER = "$(TEST_HOST)";
				DEVELOPMENT_TEAM = XE7QVWA3R9;
				INFOPLIST_FILE = CPAERTests/Info.plist;
				LD_RUNPATH_SEARCH_PATHS = "$(inherited) @executable_path/Frameworks @loader_path/Frameworks";
				PRODUCT_BUNDLE_IDENTIFIER = com.jincheng.zhuzh.CPAERTests;
				PRODUCT_NAME = "$(TARGET_NAME)";
				TEST_HOST = "$(BUILT_PRODUCTS_DIR)/CPAER.app/CPAER";
			};
			name = Debug;
		};
		963BB00A1EBB14C900F74944 /* Release */ = {
			isa = XCBuildConfiguration;
			buildSettings = {
				BUNDLE_LOADER = "$(TEST_HOST)";
				DEVELOPMENT_TEAM = XE7QVWA3R9;
				INFOPLIST_FILE = CPAERTests/Info.plist;
				LD_RUNPATH_SEARCH_PATHS = "$(inherited) @executable_path/Frameworks @loader_path/Frameworks";
				PRODUCT_BUNDLE_IDENTIFIER = com.jincheng.zhuzh.CPAERTests;
				PRODUCT_NAME = "$(TARGET_NAME)";
				TEST_HOST = "$(BUILT_PRODUCTS_DIR)/CPAER.app/CPAER";
			};
			name = Release;
		};
		963BB00C1EBB14C900F74944 /* Debug */ = {
			isa = XCBuildConfiguration;
			buildSettings = {
				DEVELOPMENT_TEAM = XE7QVWA3R9;
				INFOPLIST_FILE = CPAERUITests/Info.plist;
				LD_RUNPATH_SEARCH_PATHS = "$(inherited) @executable_path/Frameworks @loader_path/Frameworks";
				PRODUCT_BUNDLE_IDENTIFIER = com.jincheng.zhuzh.CPAERUITests;
				PRODUCT_NAME = "$(TARGET_NAME)";
				TEST_TARGET_NAME = CPAER;
			};
			name = Debug;
		};
		963BB00D1EBB14C900F74944 /* Release */ = {
			isa = XCBuildConfiguration;
			buildSettings = {
				DEVELOPMENT_TEAM = XE7QVWA3R9;
				INFOPLIST_FILE = CPAERUITests/Info.plist;
				LD_RUNPATH_SEARCH_PATHS = "$(inherited) @executable_path/Frameworks @loader_path/Frameworks";
				PRODUCT_BUNDLE_IDENTIFIER = com.jincheng.zhuzh.CPAERUITests;
				PRODUCT_NAME = "$(TARGET_NAME)";
				TEST_TARGET_NAME = CPAER;
			};
			name = Release;
		};
/* End XCBuildConfiguration section */

/* Begin XCConfigurationList section */
		963BAFD31EBB14C900F74944 /* Build configuration list for PBXProject "CPAER" */ = {
			isa = XCConfigurationList;
			buildConfigurations = (
				963BB0031EBB14C900F74944 /* Debug */,
				963BB0041EBB14C900F74944 /* Release */,
			);
			defaultConfigurationIsVisible = 0;
			defaultConfigurationName = Release;
		};
		963BB0051EBB14C900F74944 /* Build configuration list for PBXNativeTarget "CPAER" */ = {
			isa = XCConfigurationList;
			buildConfigurations = (
				963BB0061EBB14C900F74944 /* Debug */,
				963BB0071EBB14C900F74944 /* Release */,
			);
			defaultConfigurationIsVisible = 0;
			defaultConfigurationName = Release;
		};
		963BB0081EBB14C900F74944 /* Build configuration list for PBXNativeTarget "CPAERTests" */ = {
			isa = XCConfigurationList;
			buildConfigurations = (
				963BB0091EBB14C900F74944 /* Debug */,
				963BB00A1EBB14C900F74944 /* Release */,
			);
			defaultConfigurationIsVisible = 0;
			defaultConfigurationName = Release;
		};
		963BB00B1EBB14C900F74944 /* Build configuration list for PBXNativeTarget "CPAERUITests" */ = {
			isa = XCConfigurationList;
			buildConfigurations = (
				963BB00C1EBB14C900F74944 /* Debug */,
				963BB00D1EBB14C900F74944 /* Release */,
			);
			defaultConfigurationIsVisible = 0;
			defaultConfigurationName = Release;
		};
/* End XCConfigurationList section */
	};
	rootObject = 963BAFD01EBB14C900F74944 /* Project object */;
}
